// !$*UTF8*$!
{
	archiveVersion = 1;
	classes = {
	};
	objectVersion = 55;
	objects = {

/* Begin PBXBuildFile section */
		93DD2F66288EEE9A0008D376 /* Localizable.strings in Resources */ = {isa = PBXBuildFile; fileRef = 93DD2F69288EEE9A0008D376 /* Localizable.strings */; };
		93DD2F67288EEE9A0008D376 /* Localizable.strings in Resources */ = {isa = PBXBuildFile; fileRef = 93DD2F69288EEE9A0008D376 /* Localizable.strings */; };
		E6781C97286DBFC90032E010 /* Bundle_Extensions.swift in Sources */ = {isa = PBXBuildFile; fileRef = E6781C96286DBFC90032E010 /* Bundle_Extensions.swift */; };
		E6781C98286DBFFB0032E010 /* Bundle_Extensions.swift in Sources */ = {isa = PBXBuildFile; fileRef = E6781C96286DBFC90032E010 /* Bundle_Extensions.swift */; };
		E6805BCD286DB3ED00861180 /* WalletApp.swift in Sources */ = {isa = PBXBuildFile; fileRef = E6805BBD286DB3EC00861180 /* WalletApp.swift */; };
		E6805BCE286DB3ED00861180 /* WalletApp.swift in Sources */ = {isa = PBXBuildFile; fileRef = E6805BBD286DB3EC00861180 /* WalletApp.swift */; };
		E6805BD1286DB3ED00861180 /* Assets.xcassets in Resources */ = {isa = PBXBuildFile; fileRef = E6805BBF286DB3ED00861180 /* Assets.xcassets */; };
		E6805BD2286DB3ED00861180 /* Assets.xcassets in Resources */ = {isa = PBXBuildFile; fileRef = E6805BBF286DB3ED00861180 /* Assets.xcassets */; };
		E6805BDF286DB74300861180 /* AppFeature in Frameworks */ = {isa = PBXBuildFile; productRef = E6805BDE286DB74300861180 /* AppFeature */; settings = {ATTRIBUTES = (Required, ); }; };
		E6805BE1286DB74900861180 /* AppFeature in Frameworks */ = {isa = PBXBuildFile; productRef = E6805BE0286DB74900861180 /* AppFeature */; };
/* End PBXBuildFile section */

/* Begin PBXFileReference section */
		93DD2F68288EEE9A0008D376 /* en */ = {isa = PBXFileReference; lastKnownFileType = text.plist.strings; name = en; path = en.lproj/Localizable.strings; sourceTree = "<group>"; };
		E6781C96286DBFC90032E010 /* Bundle_Extensions.swift */ = {isa = PBXFileReference; lastKnownFileType = sourcecode.swift; path = Bundle_Extensions.swift; sourceTree = "<group>"; };
		E6805BBD286DB3EC00861180 /* WalletApp.swift */ = {isa = PBXFileReference; lastKnownFileType = sourcecode.swift; path = WalletApp.swift; sourceTree = "<group>"; };
		E6805BBF286DB3ED00861180 /* Assets.xcassets */ = {isa = PBXFileReference; lastKnownFileType = folder.assetcatalog; path = Assets.xcassets; sourceTree = "<group>"; };
		E6805BC4286DB3ED00861180 /* BabylonWallet.app */ = {isa = PBXFileReference; explicitFileType = wrapper.application; includeInIndex = 0; path = BabylonWallet.app; sourceTree = BUILT_PRODUCTS_DIR; };
		E6805BCA286DB3ED00861180 /* BabylonWallet.app */ = {isa = PBXFileReference; explicitFileType = wrapper.application; includeInIndex = 0; path = BabylonWallet.app; sourceTree = BUILT_PRODUCTS_DIR; };
		E6805BCC286DB3ED00861180 /* macOS.entitlements */ = {isa = PBXFileReference; lastKnownFileType = text.plist.entitlements; path = macOS.entitlements; sourceTree = "<group>"; };
		E6805BDC286DB44400861180 /* Babylon */ = {isa = PBXFileReference; lastKnownFileType = wrapper; name = Babylon; path = ..; sourceTree = "<group>"; };
/* End PBXFileReference section */

/* Begin PBXFrameworksBuildPhase section */
		E6805BC1286DB3ED00861180 /* Frameworks */ = {
			isa = PBXFrameworksBuildPhase;
			buildActionMask = 2147483647;
			files = (
				E6805BDF286DB74300861180 /* AppFeature in Frameworks */,
			);
			runOnlyForDeploymentPostprocessing = 0;
		};
		E6805BC7286DB3ED00861180 /* Frameworks */ = {
			isa = PBXFrameworksBuildPhase;
			buildActionMask = 2147483647;
			files = (
				E6805BE1286DB74900861180 /* AppFeature in Frameworks */,
			);
			runOnlyForDeploymentPostprocessing = 0;
		};
/* End PBXFrameworksBuildPhase section */

/* Begin PBXGroup section */
		93DD2F6A288EEF200008D376 /* Resources */ = {
			isa = PBXGroup;
			children = (
				93DD2F69288EEE9A0008D376 /* Localizable.strings */,
			);
			path = Resources;
			sourceTree = "<group>";
		};
		E6781C95286DBFBA0032E010 /* Extensions */ = {
			isa = PBXGroup;
			children = (
				E6781C96286DBFC90032E010 /* Bundle_Extensions.swift */,
			);
			path = Extensions;
			sourceTree = "<group>";
		};
		E6805BB7286DB3EB00861180 = {
			isa = PBXGroup;
			children = (
				E6805BDB286DB44400861180 /* Packages */,
				E6805BBC286DB3EC00861180 /* Shared */,
				E6805BCB286DB3ED00861180 /* macOS */,
				E6805BC5286DB3ED00861180 /* Products */,
				E6805BDD286DB74300861180 /* Frameworks */,
			);
			sourceTree = "<group>";
			usesTabs = 1;
		};
		E6805BBC286DB3EC00861180 /* Shared */ = {
			isa = PBXGroup;
			children = (
				93DD2F6A288EEF200008D376 /* Resources */,
				E6781C95286DBFBA0032E010 /* Extensions */,
				E6805BBD286DB3EC00861180 /* WalletApp.swift */,
				E6805BBF286DB3ED00861180 /* Assets.xcassets */,
			);
			path = Shared;
			sourceTree = "<group>";
		};
		E6805BC5286DB3ED00861180 /* Products */ = {
			isa = PBXGroup;
			children = (
				E6805BC4286DB3ED00861180 /* BabylonWallet.app */,
				E6805BCA286DB3ED00861180 /* BabylonWallet.app */,
			);
			name = Products;
			sourceTree = "<group>";
		};
		E6805BCB286DB3ED00861180 /* macOS */ = {
			isa = PBXGroup;
			children = (
				E6805BCC286DB3ED00861180 /* macOS.entitlements */,
			);
			path = macOS;
			sourceTree = "<group>";
		};
		E6805BDB286DB44400861180 /* Packages */ = {
			isa = PBXGroup;
			children = (
				E6805BDC286DB44400861180 /* Babylon */,
			);
			name = Packages;
			sourceTree = "<group>";
		};
		E6805BDD286DB74300861180 /* Frameworks */ = {
			isa = PBXGroup;
			children = (
			);
			name = Frameworks;
			sourceTree = "<group>";
		};
/* End PBXGroup section */

/* Begin PBXNativeTarget section */
		E6805BC3286DB3ED00861180 /* BabylonWallet (iOS) */ = {
			isa = PBXNativeTarget;
			buildConfigurationList = E6805BD5286DB3ED00861180 /* Build configuration list for PBXNativeTarget "BabylonWallet (iOS)" */;
			buildPhases = (
				E68FEA33286DD67200992DFA /* SwiftFormat */,
				E6805BC0286DB3ED00861180 /* Sources */,
				E6805BC1286DB3ED00861180 /* Frameworks */,
				E6805BC2286DB3ED00861180 /* Resources */,
			);
			buildRules = (
			);
			dependencies = (
			);
			name = "BabylonWallet (iOS)";
			packageProductDependencies = (
				E6805BDE286DB74300861180 /* AppFeature */,
			);
			productName = "Wallet (iOS)";
			productReference = E6805BC4286DB3ED00861180 /* BabylonWallet.app */;
			productType = "com.apple.product-type.application";
		};
		E6805BC9286DB3ED00861180 /* BabylonWallet (macOS) */ = {
			isa = PBXNativeTarget;
			buildConfigurationList = E6805BD8286DB3ED00861180 /* Build configuration list for PBXNativeTarget "BabylonWallet (macOS)" */;
			buildPhases = (
				E68FEA34286DD72F00992DFA /* SwiftFormat */,
				E6805BC6286DB3ED00861180 /* Sources */,
				E6805BC7286DB3ED00861180 /* Frameworks */,
				E6805BC8286DB3ED00861180 /* Resources */,
			);
			buildRules = (
			);
			dependencies = (
			);
			name = "BabylonWallet (macOS)";
			packageProductDependencies = (
				E6805BE0286DB74900861180 /* AppFeature */,
			);
			productName = "Wallet (macOS)";
			productReference = E6805BCA286DB3ED00861180 /* BabylonWallet.app */;
			productType = "com.apple.product-type.application";
		};
/* End PBXNativeTarget section */

/* Begin PBXProject section */
		E6805BB8286DB3EB00861180 /* Project object */ = {
			isa = PBXProject;
			attributes = {
				BuildIndependentTargetsInParallel = 1;
				LastSwiftUpdateCheck = 1340;
				LastUpgradeCheck = 1340;
				TargetAttributes = {
					E6805BC3286DB3ED00861180 = {
						CreatedOnToolsVersion = 13.4.1;
					};
					E6805BC9286DB3ED00861180 = {
						CreatedOnToolsVersion = 13.4.1;
					};
				};
			};
			buildConfigurationList = E6805BBB286DB3EB00861180 /* Build configuration list for PBXProject "BabylonWallet" */;
			compatibilityVersion = "Xcode 13.0";
			developmentRegion = en;
			hasScannedForEncodings = 0;
			knownRegions = (
				en,
				Base,
			);
			mainGroup = E6805BB7286DB3EB00861180;
			productRefGroup = E6805BC5286DB3ED00861180 /* Products */;
			projectDirPath = "";
			projectRoot = "";
			targets = (
				E6805BC3286DB3ED00861180 /* BabylonWallet (iOS) */,
				E6805BC9286DB3ED00861180 /* BabylonWallet (macOS) */,
			);
		};
/* End PBXProject section */

/* Begin PBXResourcesBuildPhase section */
		E6805BC2286DB3ED00861180 /* Resources */ = {
			isa = PBXResourcesBuildPhase;
			buildActionMask = 2147483647;
			files = (
				E6805BD1286DB3ED00861180 /* Assets.xcassets in Resources */,
				93DD2F66288EEE9A0008D376 /* Localizable.strings in Resources */,
			);
			runOnlyForDeploymentPostprocessing = 0;
		};
		E6805BC8286DB3ED00861180 /* Resources */ = {
			isa = PBXResourcesBuildPhase;
			buildActionMask = 2147483647;
			files = (
				E6805BD2286DB3ED00861180 /* Assets.xcassets in Resources */,
				93DD2F67288EEE9A0008D376 /* Localizable.strings in Resources */,
			);
			runOnlyForDeploymentPostprocessing = 0;
		};
/* End PBXResourcesBuildPhase section */

/* Begin PBXShellScriptBuildPhase section */
		E68FEA33286DD67200992DFA /* SwiftFormat */ = {
			isa = PBXShellScriptBuildPhase;
			buildActionMask = 2147483647;
			files = (
			);
			inputFileListPaths = (
			);
			inputPaths = (
			);
			name = SwiftFormat;
			outputFileListPaths = (
			);
			outputPaths = (
			);
			runOnlyForDeploymentPostprocessing = 0;
			shellPath = /bin/sh;
			shellScript = "echo \"warning: Next warning 'no such SDK: macosx' can be ignored. This manual warning is located in iOS Target -> Build Phases -> SwiftFormat. The 'SDKROOT=macosx ' part of the run SwiftFormat comman below is neccessary. But I have not managed to get `xcrun --show-sdk-path` or similar to work.\"\nSDKROOT=macosx swift run -c release --package-path ../Sources/_BuildTools swiftformat \"$SRCROOT/../\"\n";
		};
		E68FEA34286DD72F00992DFA /* SwiftFormat */ = {
			isa = PBXShellScriptBuildPhase;
			buildActionMask = 2147483647;
			files = (
			);
			inputFileListPaths = (
			);
			inputPaths = (
			);
			name = SwiftFormat;
			outputFileListPaths = (
			);
			outputPaths = (
			);
			runOnlyForDeploymentPostprocessing = 0;
			shellPath = /bin/sh;
			shellScript = "SDKROOT=macosx swift run -c release --package-path ../Sources/_BuildTools swiftformat \"$SRCROOT/../\"\n";
		};
/* End PBXShellScriptBuildPhase section */

/* Begin PBXSourcesBuildPhase section */
		E6805BC0286DB3ED00861180 /* Sources */ = {
			isa = PBXSourcesBuildPhase;
			buildActionMask = 2147483647;
			files = (
				E6805BCD286DB3ED00861180 /* WalletApp.swift in Sources */,
				E6781C97286DBFC90032E010 /* Bundle_Extensions.swift in Sources */,
			);
			runOnlyForDeploymentPostprocessing = 0;
		};
		E6805BC6286DB3ED00861180 /* Sources */ = {
			isa = PBXSourcesBuildPhase;
			buildActionMask = 2147483647;
			files = (
				E6805BCE286DB3ED00861180 /* WalletApp.swift in Sources */,
				E6781C98286DBFFB0032E010 /* Bundle_Extensions.swift in Sources */,
			);
			runOnlyForDeploymentPostprocessing = 0;
		};
/* End PBXSourcesBuildPhase section */

/* Begin PBXVariantGroup section */
		93DD2F69288EEE9A0008D376 /* Localizable.strings */ = {
			isa = PBXVariantGroup;
			children = (
				93DD2F68288EEE9A0008D376 /* en */,
			);
			name = Localizable.strings;
			sourceTree = "<group>";
		};
/* End PBXVariantGroup section */

/* Begin XCBuildConfiguration section */
		E6805BD3286DB3ED00861180 /* Debug */ = {
			isa = XCBuildConfiguration;
			buildSettings = {
				ALWAYS_SEARCH_USER_PATHS = NO;
				BUILD_NUMBER_GLOBAL_UNIQUE = 1;
				BUILD_VERSION_MAJOR = 0;
				BUILD_VERSION_MINOR = 0;
				BUILD_VERSION_PATCH = 1;
				CLANG_ANALYZER_NONNULL = YES;
				CLANG_ANALYZER_NUMBER_OBJECT_CONVERSION = YES_AGGRESSIVE;
				CLANG_CXX_LANGUAGE_STANDARD = "gnu++17";
				CLANG_ENABLE_MODULES = YES;
				CLANG_ENABLE_OBJC_ARC = YES;
				CLANG_ENABLE_OBJC_WEAK = YES;
				CLANG_WARN_BLOCK_CAPTURE_AUTORELEASING = YES;
				CLANG_WARN_BOOL_CONVERSION = YES;
				CLANG_WARN_COMMA = YES;
				CLANG_WARN_CONSTANT_CONVERSION = YES;
				CLANG_WARN_DEPRECATED_OBJC_IMPLEMENTATIONS = YES;
				CLANG_WARN_DIRECT_OBJC_ISA_USAGE = YES_ERROR;
				CLANG_WARN_DOCUMENTATION_COMMENTS = YES;
				CLANG_WARN_EMPTY_BODY = YES;
				CLANG_WARN_ENUM_CONVERSION = YES;
				CLANG_WARN_INFINITE_RECURSION = YES;
				CLANG_WARN_INT_CONVERSION = YES;
				CLANG_WARN_NON_LITERAL_NULL_CONVERSION = YES;
				CLANG_WARN_OBJC_IMPLICIT_RETAIN_SELF = YES;
				CLANG_WARN_OBJC_LITERAL_CONVERSION = YES;
				CLANG_WARN_OBJC_ROOT_CLASS = YES_ERROR;
				CLANG_WARN_QUOTED_INCLUDE_IN_FRAMEWORK_HEADER = YES;
				CLANG_WARN_RANGE_LOOP_ANALYSIS = YES;
				CLANG_WARN_STRICT_PROTOTYPES = YES;
				CLANG_WARN_SUSPICIOUS_MOVE = YES;
				CLANG_WARN_UNGUARDED_AVAILABILITY = YES_AGGRESSIVE;
				CLANG_WARN_UNREACHABLE_CODE = YES;
				CLANG_WARN__DUPLICATE_METHOD_MATCH = YES;
				COPY_PHASE_STRIP = NO;
				DEBUG_INFORMATION_FORMAT = dwarf;
				ENABLE_STRICT_OBJC_MSGSEND = YES;
				ENABLE_TESTABILITY = YES;
				GCC_C_LANGUAGE_STANDARD = gnu11;
				GCC_DYNAMIC_NO_PIC = NO;
				GCC_NO_COMMON_BLOCKS = YES;
				GCC_OPTIMIZATION_LEVEL = 0;
				GCC_PREPROCESSOR_DEFINITIONS = (
					"DEBUG=1",
					"$(inherited)",
				);
				GCC_WARN_64_TO_32_BIT_CONVERSION = YES;
				GCC_WARN_ABOUT_RETURN_TYPE = YES_ERROR;
				GCC_WARN_UNDECLARED_SELECTOR = YES;
				GCC_WARN_UNINITIALIZED_AUTOS = YES_AGGRESSIVE;
				GCC_WARN_UNUSED_FUNCTION = YES;
				GCC_WARN_UNUSED_VARIABLE = YES;
				IPHONEOS_DEPLOYMENT_TARGET = 15.0;
				MACOSX_DEPLOYMENT_TARGET = 12.0;
				MTL_ENABLE_DEBUG_INFO = INCLUDE_SOURCE;
				MTL_FAST_MATH = YES;
				ONLY_ACTIVE_ARCH = YES;
				SWIFT_ACTIVE_COMPILATION_CONDITIONS = DEBUG;
				SWIFT_OPTIMIZATION_LEVEL = "-Onone";
			};
			name = Debug;
		};
		E6805BD4286DB3ED00861180 /* Release */ = {
			isa = XCBuildConfiguration;
			buildSettings = {
				ALWAYS_SEARCH_USER_PATHS = NO;
				BUILD_NUMBER_GLOBAL_UNIQUE = 1;
				BUILD_VERSION_MAJOR = 0;
				BUILD_VERSION_MINOR = 0;
				BUILD_VERSION_PATCH = 1;
				CLANG_ANALYZER_NONNULL = YES;
				CLANG_ANALYZER_NUMBER_OBJECT_CONVERSION = YES_AGGRESSIVE;
				CLANG_CXX_LANGUAGE_STANDARD = "gnu++17";
				CLANG_ENABLE_MODULES = YES;
				CLANG_ENABLE_OBJC_ARC = YES;
				CLANG_ENABLE_OBJC_WEAK = YES;
				CLANG_WARN_BLOCK_CAPTURE_AUTORELEASING = YES;
				CLANG_WARN_BOOL_CONVERSION = YES;
				CLANG_WARN_COMMA = YES;
				CLANG_WARN_CONSTANT_CONVERSION = YES;
				CLANG_WARN_DEPRECATED_OBJC_IMPLEMENTATIONS = YES;
				CLANG_WARN_DIRECT_OBJC_ISA_USAGE = YES_ERROR;
				CLANG_WARN_DOCUMENTATION_COMMENTS = YES;
				CLANG_WARN_EMPTY_BODY = YES;
				CLANG_WARN_ENUM_CONVERSION = YES;
				CLANG_WARN_INFINITE_RECURSION = YES;
				CLANG_WARN_INT_CONVERSION = YES;
				CLANG_WARN_NON_LITERAL_NULL_CONVERSION = YES;
				CLANG_WARN_OBJC_IMPLICIT_RETAIN_SELF = YES;
				CLANG_WARN_OBJC_LITERAL_CONVERSION = YES;
				CLANG_WARN_OBJC_ROOT_CLASS = YES_ERROR;
				CLANG_WARN_QUOTED_INCLUDE_IN_FRAMEWORK_HEADER = YES;
				CLANG_WARN_RANGE_LOOP_ANALYSIS = YES;
				CLANG_WARN_STRICT_PROTOTYPES = YES;
				CLANG_WARN_SUSPICIOUS_MOVE = YES;
				CLANG_WARN_UNGUARDED_AVAILABILITY = YES_AGGRESSIVE;
				CLANG_WARN_UNREACHABLE_CODE = YES;
				CLANG_WARN__DUPLICATE_METHOD_MATCH = YES;
				COPY_PHASE_STRIP = NO;
				DEBUG_INFORMATION_FORMAT = "dwarf-with-dsym";
				ENABLE_NS_ASSERTIONS = NO;
				ENABLE_STRICT_OBJC_MSGSEND = YES;
				GCC_C_LANGUAGE_STANDARD = gnu11;
				GCC_NO_COMMON_BLOCKS = YES;
				GCC_WARN_64_TO_32_BIT_CONVERSION = YES;
				GCC_WARN_ABOUT_RETURN_TYPE = YES_ERROR;
				GCC_WARN_UNDECLARED_SELECTOR = YES;
				GCC_WARN_UNINITIALIZED_AUTOS = YES_AGGRESSIVE;
				GCC_WARN_UNUSED_FUNCTION = YES;
				GCC_WARN_UNUSED_VARIABLE = YES;
				IPHONEOS_DEPLOYMENT_TARGET = 15.0;
				MACOSX_DEPLOYMENT_TARGET = 12.0;
				MTL_ENABLE_DEBUG_INFO = NO;
				MTL_FAST_MATH = YES;
				SWIFT_COMPILATION_MODE = wholemodule;
				SWIFT_OPTIMIZATION_LEVEL = "-O";
			};
			name = Release;
		};
		E6805BD6286DB3ED00861180 /* Debug */ = {
			isa = XCBuildConfiguration;
			buildSettings = {
				ASSETCATALOG_COMPILER_APPICON_NAME = AppIcon;
				ASSETCATALOG_COMPILER_GLOBAL_ACCENT_COLOR_NAME = AccentColor;
				CODE_SIGN_STYLE = Automatic;
				CURRENT_PROJECT_VERSION = "$(BUILD_NUMBER_GLOBAL_UNIQUE)";
				DEVELOPMENT_TEAM = 7SPGKHD4HZ;
				ENABLE_PREVIEWS = YES;
				GENERATE_INFOPLIST_FILE = YES;
				INFOPLIST_KEY_UIApplicationSceneManifest_Generation = YES;
				INFOPLIST_KEY_UIApplicationSupportsIndirectInputEvents = YES;
				INFOPLIST_KEY_UILaunchScreen_Generation = YES;
				INFOPLIST_KEY_UISupportedInterfaceOrientations = UIInterfaceOrientationPortrait;
				INFOPLIST_KEY_UISupportedInterfaceOrientations_iPad = "UIInterfaceOrientationLandscapeLeft UIInterfaceOrientationLandscapeRight UIInterfaceOrientationPortrait UIInterfaceOrientationPortraitUpsideDown";
				IPHONEOS_DEPLOYMENT_TARGET = 15.0;
				LD_RUNPATH_SEARCH_PATHS = (
					"$(inherited)",
					"@executable_path/Frameworks",
				);
				MARKETING_VERSION = "$(BUILD_VERSION_MAJOR).$(BUILD_VERSION_MINOR).$(BUILD_VERSION_PATCH)";
				PRODUCT_BUNDLE_IDENTIFIER = works.rdx.Wallet;
				PRODUCT_NAME = BabylonWallet;
				SDKROOT = iphoneos;
				SWIFT_EMIT_LOC_STRINGS = YES;
				SWIFT_VERSION = 5.0;
				TARGETED_DEVICE_FAMILY = 1;
			};
			name = Debug;
		};
		E6805BD7286DB3ED00861180 /* Release */ = {
			isa = XCBuildConfiguration;
			buildSettings = {
				ASSETCATALOG_COMPILER_APPICON_NAME = AppIcon;
				ASSETCATALOG_COMPILER_GLOBAL_ACCENT_COLOR_NAME = AccentColor;
				CODE_SIGN_STYLE = Automatic;
				CURRENT_PROJECT_VERSION = "$(BUILD_NUMBER_GLOBAL_UNIQUE)";
				DEVELOPMENT_TEAM = 7SPGKHD4HZ;
				ENABLE_PREVIEWS = YES;
				GENERATE_INFOPLIST_FILE = YES;
				INFOPLIST_KEY_UIApplicationSceneManifest_Generation = YES;
				INFOPLIST_KEY_UIApplicationSupportsIndirectInputEvents = YES;
				INFOPLIST_KEY_UILaunchScreen_Generation = YES;
				INFOPLIST_KEY_UISupportedInterfaceOrientations = UIInterfaceOrientationPortrait;
				INFOPLIST_KEY_UISupportedInterfaceOrientations_iPad = "UIInterfaceOrientationLandscapeLeft UIInterfaceOrientationLandscapeRight UIInterfaceOrientationPortrait UIInterfaceOrientationPortraitUpsideDown";
				IPHONEOS_DEPLOYMENT_TARGET = 15.0;
				LD_RUNPATH_SEARCH_PATHS = (
					"$(inherited)",
					"@executable_path/Frameworks",
				);
				MARKETING_VERSION = "$(BUILD_VERSION_MAJOR).$(BUILD_VERSION_MINOR).$(BUILD_VERSION_PATCH)";
				PRODUCT_BUNDLE_IDENTIFIER = works.rdx.Wallet;
				PRODUCT_NAME = BabylonWallet;
				SDKROOT = iphoneos;
				SWIFT_EMIT_LOC_STRINGS = YES;
				SWIFT_VERSION = 5.0;
				TARGETED_DEVICE_FAMILY = 1;
				VALIDATE_PRODUCT = YES;
			};
			name = Release;
		};
		E6805BD9286DB3ED00861180 /* Debug */ = {
			isa = XCBuildConfiguration;
			buildSettings = {
				ASSETCATALOG_COMPILER_APPICON_NAME = AppIcon;
				ASSETCATALOG_COMPILER_GLOBAL_ACCENT_COLOR_NAME = AccentColor;
				CODE_SIGN_ENTITLEMENTS = macOS/macOS.entitlements;
				CODE_SIGN_STYLE = Automatic;
				COMBINE_HIDPI_IMAGES = YES;
				CURRENT_PROJECT_VERSION = "$(BUILD_NUMBER_GLOBAL_UNIQUE)";
				DEVELOPMENT_TEAM = 7SPGKHD4HZ;
				ENABLE_HARDENED_RUNTIME = YES;
				ENABLE_PREVIEWS = YES;
				GENERATE_INFOPLIST_FILE = YES;
				INFOPLIST_KEY_NSHumanReadableCopyright = "";
				LD_RUNPATH_SEARCH_PATHS = (
					"$(inherited)",
					"@executable_path/../Frameworks",
				);
				MACOSX_DEPLOYMENT_TARGET = 12.0;
				MARKETING_VERSION = "$(BUILD_VERSION_MAJOR).$(BUILD_VERSION_MINOR).$(BUILD_VERSION_PATCH)";
				PRODUCT_BUNDLE_IDENTIFIER = works.rdx.Wallet;
				PRODUCT_NAME = BabylonWallet;
				SDKROOT = macosx;
				SWIFT_EMIT_LOC_STRINGS = YES;
				SWIFT_VERSION = 5.0;
			};
			name = Debug;
		};
		E6805BDA286DB3ED00861180 /* Release */ = {
			isa = XCBuildConfiguration;
			buildSettings = {
				ASSETCATALOG_COMPILER_APPICON_NAME = AppIcon;
				ASSETCATALOG_COMPILER_GLOBAL_ACCENT_COLOR_NAME = AccentColor;
				CODE_SIGN_ENTITLEMENTS = macOS/macOS.entitlements;
				CODE_SIGN_STYLE = Automatic;
				COMBINE_HIDPI_IMAGES = YES;
				CURRENT_PROJECT_VERSION = "$(BUILD_NUMBER_GLOBAL_UNIQUE)";
				DEVELOPMENT_TEAM = 7SPGKHD4HZ;
				ENABLE_HARDENED_RUNTIME = YES;
				ENABLE_PREVIEWS = YES;
				GENERATE_INFOPLIST_FILE = YES;
				INFOPLIST_KEY_NSHumanReadableCopyright = "";
				LD_RUNPATH_SEARCH_PATHS = (
					"$(inherited)",
					"@executable_path/../Frameworks",
				);
				MACOSX_DEPLOYMENT_TARGET = 12.0;
				MARKETING_VERSION = "$(BUILD_VERSION_MAJOR).$(BUILD_VERSION_MINOR).$(BUILD_VERSION_PATCH)";
				PRODUCT_BUNDLE_IDENTIFIER = works.rdx.Wallet;
				PRODUCT_NAME = BabylonWallet;
				SDKROOT = macosx;
				SWIFT_EMIT_LOC_STRINGS = YES;
				SWIFT_VERSION = 5.0;
			};
			name = Release;
		};
/* End XCBuildConfiguration section */

/* Begin XCConfigurationList section */
		E6805BBB286DB3EB00861180 /* Build configuration list for PBXProject "BabylonWallet" */ = {
			isa = XCConfigurationList;
			buildConfigurations = (
				E6805BD3286DB3ED00861180 /* Debug */,
				E6805BD4286DB3ED00861180 /* Release */,
			);
			defaultConfigurationIsVisible = 0;
			defaultConfigurationName = Release;
		};
		E6805BD5286DB3ED00861180 /* Build configuration list for PBXNativeTarget "BabylonWallet (iOS)" */ = {
			isa = XCConfigurationList;
			buildConfigurations = (
				E6805BD6286DB3ED00861180 /* Debug */,
				E6805BD7286DB3ED00861180 /* Release */,
			);
			defaultConfigurationIsVisible = 0;
			defaultConfigurationName = Release;
		};
		E6805BD8286DB3ED00861180 /* Build configuration list for PBXNativeTarget "BabylonWallet (macOS)" */ = {
			isa = XCConfigurationList;
			buildConfigurations = (
				E6805BD9286DB3ED00861180 /* Debug */,
				E6805BDA286DB3ED00861180 /* Release */,
			);
			defaultConfigurationIsVisible = 0;
			defaultConfigurationName = Release;
		};
/* End XCConfigurationList section */

/* Begin XCSwiftPackageProductDependency section */
		E6805BDE286DB74300861180 /* AppFeature */ = {
			isa = XCSwiftPackageProductDependency;
			productName = AppFeature;
		};
		E6805BE0286DB74900861180 /* AppFeature */ = {
			isa = XCSwiftPackageProductDependency;
			productName = AppFeature;
		};
/* End XCSwiftPackageProductDependency section */
	};
	rootObject = E6805BB8286DB3EB00861180 /* Project object */;
}
