// !$*UTF8*$!
{
	archiveVersion = 1;
	classes = {
	};
	objectVersion = 55;
	objects = {

/* Begin PBXBuildFile section */
		D5B1769F29267C1F00AAE13B /* AppIcon.xcassets in Resources */ = {isa = PBXBuildFile; fileRef = D5B1769E29267C1F00AAE13B /* AppIcon.xcassets */; };
		D5B176A029267C1F00AAE13B /* AppIcon.xcassets in Resources */ = {isa = PBXBuildFile; fileRef = D5B1769E29267C1F00AAE13B /* AppIcon.xcassets */; };
		E667FFD328F6F7ED0015544F /* AppFeature in Frameworks */ = {isa = PBXBuildFile; productRef = E667FFD228F6F7ED0015544F /* AppFeature */; };
		E6805BCD286DB3ED00861180 /* WalletApp.swift in Sources */ = {isa = PBXBuildFile; fileRef = E6805BBD286DB3EC00861180 /* WalletApp.swift */; };
		E6805BCE286DB3ED00861180 /* WalletApp.swift in Sources */ = {isa = PBXBuildFile; fileRef = E6805BBD286DB3EC00861180 /* WalletApp.swift */; };
		E6805BDF286DB74300861180 /* AppFeature in Frameworks */ = {isa = PBXBuildFile; productRef = E6805BDE286DB74300861180 /* AppFeature */; settings = {ATTRIBUTES = (Required, ); }; };
/* End PBXBuildFile section */

/* Begin PBXFileReference section */
		D5B1769E29267C1F00AAE13B /* AppIcon.xcassets */ = {isa = PBXFileReference; lastKnownFileType = folder.assetcatalog; path = AppIcon.xcassets; sourceTree = "<group>"; };
		E667FFD128F6F7E50015544F /* Babylon */ = {isa = PBXFileReference; lastKnownFileType = wrapper; name = Babylon; path = ..; sourceTree = "<group>"; };
		E6805BBD286DB3EC00861180 /* WalletApp.swift */ = {isa = PBXFileReference; lastKnownFileType = sourcecode.swift; path = WalletApp.swift; sourceTree = "<group>"; };
		E6805BC4286DB3ED00861180 /* BabylonWallet.app */ = {isa = PBXFileReference; explicitFileType = wrapper.application; includeInIndex = 0; path = BabylonWallet.app; sourceTree = BUILT_PRODUCTS_DIR; };
		E6805BCA286DB3ED00861180 /* BabylonWallet.app */ = {isa = PBXFileReference; explicitFileType = wrapper.application; includeInIndex = 0; path = BabylonWallet.app; sourceTree = BUILT_PRODUCTS_DIR; };
		E6805BCC286DB3ED00861180 /* macOS.entitlements */ = {isa = PBXFileReference; lastKnownFileType = text.plist.entitlements; path = macOS.entitlements; sourceTree = "<group>"; };
		E6FD0073290C598700B9A340 /* BabylonWallet--iOS--Info.plist */ = {isa = PBXFileReference; lastKnownFileType = text.plist; path = "BabylonWallet--iOS--Info.plist"; sourceTree = "<group>"; };
		E6FD0074290C599300B9A340 /* BabylonWallet--macOS--Info.plist */ = {isa = PBXFileReference; lastKnownFileType = text.plist; path = "BabylonWallet--macOS--Info.plist"; sourceTree = "<group>"; };
/* End PBXFileReference section */

/* Begin PBXFrameworksBuildPhase section */
		E6805BC1286DB3ED00861180 /* Frameworks */ = {
			isa = PBXFrameworksBuildPhase;
			buildActionMask = 2147483647;
			files = (
				E6805BDF286DB74300861180 /* AppFeature in Frameworks */,
			);
			runOnlyForDeploymentPostprocessing = 0;
		};
		E6805BC7286DB3ED00861180 /* Frameworks */ = {
			isa = PBXFrameworksBuildPhase;
			buildActionMask = 2147483647;
			files = (
				E667FFD328F6F7ED0015544F /* AppFeature in Frameworks */,
			);
			runOnlyForDeploymentPostprocessing = 0;
		};
/* End PBXFrameworksBuildPhase section */

/* Begin PBXGroup section */
		E6805BB7286DB3EB00861180 = {
			isa = PBXGroup;
			children = (
				E6FD0074290C599300B9A340 /* BabylonWallet--macOS--Info.plist */,
				E6FD0073290C598700B9A340 /* BabylonWallet--iOS--Info.plist */,
				E6805BDB286DB44400861180 /* Packages */,
				E6805BBC286DB3EC00861180 /* Shared */,
				E6805BCB286DB3ED00861180 /* macOS */,
				E6805BC5286DB3ED00861180 /* Products */,
				E6805BDD286DB74300861180 /* Frameworks */,
			);
			sourceTree = "<group>";
			usesTabs = 1;
		};
		E6805BBC286DB3EC00861180 /* Shared */ = {
			isa = PBXGroup;
			children = (
				E6805BBD286DB3EC00861180 /* WalletApp.swift */,
				D5B1769E29267C1F00AAE13B /* AppIcon.xcassets */,
			);
			path = Shared;
			sourceTree = "<group>";
		};
		E6805BC5286DB3ED00861180 /* Products */ = {
			isa = PBXGroup;
			children = (
				E6805BC4286DB3ED00861180 /* BabylonWallet.app */,
				E6805BCA286DB3ED00861180 /* BabylonWallet.app */,
			);
			name = Products;
			sourceTree = "<group>";
		};
		E6805BCB286DB3ED00861180 /* macOS */ = {
			isa = PBXGroup;
			children = (
				E6805BCC286DB3ED00861180 /* macOS.entitlements */,
			);
			path = macOS;
			sourceTree = "<group>";
		};
		E6805BDB286DB44400861180 /* Packages */ = {
			isa = PBXGroup;
			children = (
				E667FFD128F6F7E50015544F /* Babylon */,
			);
			name = Packages;
			sourceTree = "<group>";
		};
		E6805BDD286DB74300861180 /* Frameworks */ = {
			isa = PBXGroup;
			children = (
			);
			name = Frameworks;
			sourceTree = "<group>";
		};
/* End PBXGroup section */

/* Begin PBXNativeTarget section */
		E6805BC3286DB3ED00861180 /* BabylonWallet (iOS) */ = {
			isa = PBXNativeTarget;
			buildConfigurationList = E6805BD5286DB3ED00861180 /* Build configuration list for PBXNativeTarget "BabylonWallet (iOS)" */;
			buildPhases = (
				E6805BC0286DB3ED00861180 /* Sources */,
				E6805BC1286DB3ED00861180 /* Frameworks */,
				E6805BC2286DB3ED00861180 /* Resources */,
			);
			buildRules = (
			);
			dependencies = (
				E6A17E57292FB01500D40EDB /* PBXTargetDependency */,
			);
			name = "BabylonWallet (iOS)";
			packageProductDependencies = (
				E6805BDE286DB74300861180 /* AppFeature */,
			);
			productName = "Wallet (iOS)";
			productReference = E6805BC4286DB3ED00861180 /* BabylonWallet.app */;
			productType = "com.apple.product-type.application";
		};
		E6805BC9286DB3ED00861180 /* BabylonWallet (macOS) */ = {
			isa = PBXNativeTarget;
			buildConfigurationList = E6805BD8286DB3ED00861180 /* Build configuration list for PBXNativeTarget "BabylonWallet (macOS)" */;
			buildPhases = (
				E6805BC6286DB3ED00861180 /* Sources */,
				E6805BC7286DB3ED00861180 /* Frameworks */,
				E6805BC8286DB3ED00861180 /* Resources */,
			);
			buildRules = (
			);
			dependencies = (
				E667FFD528F6F7F00015544F /* PBXTargetDependency */,
			);
			name = "BabylonWallet (macOS)";
			packageProductDependencies = (
				E667FFD228F6F7ED0015544F /* AppFeature */,
			);
			productName = "Wallet (macOS)";
			productReference = E6805BCA286DB3ED00861180 /* BabylonWallet.app */;
			productType = "com.apple.product-type.application";
		};
/* End PBXNativeTarget section */

/* Begin PBXProject section */
		E6805BB8286DB3EB00861180 /* Project object */ = {
			isa = PBXProject;
			attributes = {
				BuildIndependentTargetsInParallel = 1;
				LastSwiftUpdateCheck = 1340;
				LastUpgradeCheck = 1410;
				TargetAttributes = {
					E6805BC3286DB3ED00861180 = {
						CreatedOnToolsVersion = 13.4.1;
					};
					E6805BC9286DB3ED00861180 = {
						CreatedOnToolsVersion = 13.4.1;
					};
				};
			};
			buildConfigurationList = E6805BBB286DB3EB00861180 /* Build configuration list for PBXProject "BabylonWallet" */;
			compatibilityVersion = "Xcode 13.0";
			developmentRegion = en;
			hasScannedForEncodings = 0;
			knownRegions = (
				en,
				Base,
			);
			mainGroup = E6805BB7286DB3EB00861180;
			productRefGroup = E6805BC5286DB3ED00861180 /* Products */;
			projectDirPath = "";
			projectRoot = "";
			targets = (
				E6805BC3286DB3ED00861180 /* BabylonWallet (iOS) */,
				E6805BC9286DB3ED00861180 /* BabylonWallet (macOS) */,
			);
		};
/* End PBXProject section */

/* Begin PBXResourcesBuildPhase section */
		E6805BC2286DB3ED00861180 /* Resources */ = {
			isa = PBXResourcesBuildPhase;
			buildActionMask = 2147483647;
			files = (
				D5B1769F29267C1F00AAE13B /* AppIcon.xcassets in Resources */,
			);
			runOnlyForDeploymentPostprocessing = 0;
		};
		E6805BC8286DB3ED00861180 /* Resources */ = {
			isa = PBXResourcesBuildPhase;
			buildActionMask = 2147483647;
			files = (
				D5B176A029267C1F00AAE13B /* AppIcon.xcassets in Resources */,
			);
			runOnlyForDeploymentPostprocessing = 0;
		};
/* End PBXResourcesBuildPhase section */

/* Begin PBXSourcesBuildPhase section */
		E6805BC0286DB3ED00861180 /* Sources */ = {
			isa = PBXSourcesBuildPhase;
			buildActionMask = 2147483647;
			files = (
				E6805BCD286DB3ED00861180 /* WalletApp.swift in Sources */,
			);
			runOnlyForDeploymentPostprocessing = 0;
		};
		E6805BC6286DB3ED00861180 /* Sources */ = {
			isa = PBXSourcesBuildPhase;
			buildActionMask = 2147483647;
			files = (
				E6805BCE286DB3ED00861180 /* WalletApp.swift in Sources */,
			);
			runOnlyForDeploymentPostprocessing = 0;
		};
/* End PBXSourcesBuildPhase section */

/* Begin PBXTargetDependency section */
		E667FFD528F6F7F00015544F /* PBXTargetDependency */ = {
			isa = PBXTargetDependency;
			productRef = E667FFD428F6F7F00015544F /* AppFeature */;
		};
		E6A17E57292FB01500D40EDB /* PBXTargetDependency */ = {
			isa = PBXTargetDependency;
			productRef = E6A17E56292FB01500D40EDB /* AppFeature */;
		};
/* End PBXTargetDependency section */

/* Begin XCBuildConfiguration section */
		E6805BD3286DB3ED00861180 /* Debug */ = {
			isa = XCBuildConfiguration;
			buildSettings = {
				ALWAYS_SEARCH_USER_PATHS = NO;
				CLANG_ANALYZER_NONNULL = YES;
				CLANG_ANALYZER_NUMBER_OBJECT_CONVERSION = YES_AGGRESSIVE;
				CLANG_CXX_LANGUAGE_STANDARD = "gnu++17";
				CLANG_ENABLE_MODULES = YES;
				CLANG_ENABLE_OBJC_ARC = YES;
				CLANG_ENABLE_OBJC_WEAK = YES;
				CLANG_WARN_BLOCK_CAPTURE_AUTORELEASING = YES;
				CLANG_WARN_BOOL_CONVERSION = YES;
				CLANG_WARN_COMMA = YES;
				CLANG_WARN_CONSTANT_CONVERSION = YES;
				CLANG_WARN_DEPRECATED_OBJC_IMPLEMENTATIONS = YES;
				CLANG_WARN_DIRECT_OBJC_ISA_USAGE = YES_ERROR;
				CLANG_WARN_DOCUMENTATION_COMMENTS = YES;
				CLANG_WARN_EMPTY_BODY = YES;
				CLANG_WARN_ENUM_CONVERSION = YES;
				CLANG_WARN_INFINITE_RECURSION = YES;
				CLANG_WARN_INT_CONVERSION = YES;
				CLANG_WARN_NON_LITERAL_NULL_CONVERSION = YES;
				CLANG_WARN_OBJC_IMPLICIT_RETAIN_SELF = YES;
				CLANG_WARN_OBJC_LITERAL_CONVERSION = YES;
				CLANG_WARN_OBJC_ROOT_CLASS = YES_ERROR;
				CLANG_WARN_QUOTED_INCLUDE_IN_FRAMEWORK_HEADER = YES;
				CLANG_WARN_RANGE_LOOP_ANALYSIS = YES;
				CLANG_WARN_STRICT_PROTOTYPES = YES;
				CLANG_WARN_SUSPICIOUS_MOVE = YES;
				CLANG_WARN_UNGUARDED_AVAILABILITY = YES_AGGRESSIVE;
				CLANG_WARN_UNREACHABLE_CODE = YES;
				CLANG_WARN__DUPLICATE_METHOD_MATCH = YES;
				CODE_SIGN_IDENTITY = "-";
				COPY_PHASE_STRIP = NO;
				DEAD_CODE_STRIPPING = YES;
				DEBUG_INFORMATION_FORMAT = dwarf;
				DEVELOPMENT_TEAM = 7SPGKHD4HZ;
				ENABLE_STRICT_OBJC_MSGSEND = YES;
				ENABLE_TESTABILITY = YES;
				GCC_C_LANGUAGE_STANDARD = gnu11;
				GCC_DYNAMIC_NO_PIC = NO;
				GCC_NO_COMMON_BLOCKS = YES;
				GCC_OPTIMIZATION_LEVEL = 0;
				GCC_PREPROCESSOR_DEFINITIONS = (
					"DEBUG=1",
					"$(inherited)",
				);
				GCC_WARN_64_TO_32_BIT_CONVERSION = YES;
				GCC_WARN_ABOUT_RETURN_TYPE = YES_ERROR;
				GCC_WARN_UNDECLARED_SELECTOR = YES;
				GCC_WARN_UNINITIALIZED_AUTOS = YES_AGGRESSIVE;
				GCC_WARN_UNUSED_FUNCTION = YES;
				GCC_WARN_UNUSED_VARIABLE = YES;
				INFOPLIST_KEY_CFBundleDisplayName = "Radix Wallet";
				INFOPLIST_KEY_LSApplicationCategoryType = "public.app-category.finance";
				INFOPLIST_KEY_NSCameraUsageDescription = "Scan QR Code to connect to browser extension";
				INFOPLIST_KEY_NSDesktopFolderUsageDescription = $PRIVACY_ACCESS_BABYLON_PROFILE;
				INFOPLIST_KEY_NSDocumentsFolderUsageDescription = $PRIVACY_ACCESS_BABYLON_PROFILE;
				INFOPLIST_KEY_NSDownloadsFolderUsageDescription = $PRIVACY_ACCESS_BABYLON_PROFILE;
				INFOPLIST_KEY_NSFaceIDUsageDescription = "Access Babylon Wallet Secrets";
				IPHONEOS_DEPLOYMENT_TARGET = 15.0;
				MACOSX_DEPLOYMENT_TARGET = 12.0;
				MTL_ENABLE_DEBUG_INFO = INCLUDE_SOURCE;
				MTL_FAST_MATH = YES;
				ONLY_ACTIVE_ARCH = YES;
				PRIVACY_ACCESS_BABYLON_PROFILE = "Import Babylon Profile file";
				PRODUCT_BUNDLE_IDENTIFIER = works.rdx.e2e.babylon;
				SWIFT_ACTIVE_COMPILATION_CONDITIONS = DEBUG;
				SWIFT_OPTIMIZATION_LEVEL = "-Onone";
				SWIFT_STRICT_CONCURRENCY = complete;
			};
			name = Debug;
		};
		E6805BD4286DB3ED00861180 /* Release */ = {
			isa = XCBuildConfiguration;
			buildSettings = {
				ALWAYS_SEARCH_USER_PATHS = NO;
				CLANG_ANALYZER_NONNULL = YES;
				CLANG_ANALYZER_NUMBER_OBJECT_CONVERSION = YES_AGGRESSIVE;
				CLANG_CXX_LANGUAGE_STANDARD = "gnu++17";
				CLANG_ENABLE_MODULES = YES;
				CLANG_ENABLE_OBJC_ARC = YES;
				CLANG_ENABLE_OBJC_WEAK = YES;
				CLANG_WARN_BLOCK_CAPTURE_AUTORELEASING = YES;
				CLANG_WARN_BOOL_CONVERSION = YES;
				CLANG_WARN_COMMA = YES;
				CLANG_WARN_CONSTANT_CONVERSION = YES;
				CLANG_WARN_DEPRECATED_OBJC_IMPLEMENTATIONS = YES;
				CLANG_WARN_DIRECT_OBJC_ISA_USAGE = YES_ERROR;
				CLANG_WARN_DOCUMENTATION_COMMENTS = YES;
				CLANG_WARN_EMPTY_BODY = YES;
				CLANG_WARN_ENUM_CONVERSION = YES;
				CLANG_WARN_INFINITE_RECURSION = YES;
				CLANG_WARN_INT_CONVERSION = YES;
				CLANG_WARN_NON_LITERAL_NULL_CONVERSION = YES;
				CLANG_WARN_OBJC_IMPLICIT_RETAIN_SELF = YES;
				CLANG_WARN_OBJC_LITERAL_CONVERSION = YES;
				CLANG_WARN_OBJC_ROOT_CLASS = YES_ERROR;
				CLANG_WARN_QUOTED_INCLUDE_IN_FRAMEWORK_HEADER = YES;
				CLANG_WARN_RANGE_LOOP_ANALYSIS = YES;
				CLANG_WARN_STRICT_PROTOTYPES = YES;
				CLANG_WARN_SUSPICIOUS_MOVE = YES;
				CLANG_WARN_UNGUARDED_AVAILABILITY = YES_AGGRESSIVE;
				CLANG_WARN_UNREACHABLE_CODE = YES;
				CLANG_WARN__DUPLICATE_METHOD_MATCH = YES;
				CODE_SIGN_IDENTITY = "iPhone Distribution: RADIX DLT LIMITED (7SPGKHD4HZ)";
				COPY_PHASE_STRIP = NO;
				DEAD_CODE_STRIPPING = YES;
				DEBUG_INFORMATION_FORMAT = "dwarf-with-dsym";
				DEVELOPMENT_TEAM = 7SPGKHD4HZ;
				ENABLE_NS_ASSERTIONS = NO;
				ENABLE_STRICT_OBJC_MSGSEND = YES;
				GCC_C_LANGUAGE_STANDARD = gnu11;
				GCC_NO_COMMON_BLOCKS = YES;
				GCC_WARN_64_TO_32_BIT_CONVERSION = YES;
				GCC_WARN_ABOUT_RETURN_TYPE = YES_ERROR;
				GCC_WARN_UNDECLARED_SELECTOR = YES;
				GCC_WARN_UNINITIALIZED_AUTOS = YES_AGGRESSIVE;
				GCC_WARN_UNUSED_FUNCTION = YES;
				GCC_WARN_UNUSED_VARIABLE = YES;
				INFOPLIST_KEY_CFBundleDisplayName = "Radix Wallet";
				INFOPLIST_KEY_LSApplicationCategoryType = "public.app-category.finance";
				INFOPLIST_KEY_NSCameraUsageDescription = "Scan QR Code to connect to browser extension";
				INFOPLIST_KEY_NSDesktopFolderUsageDescription = $PRIVACY_ACCESS_BABYLON_PROFILE;
				INFOPLIST_KEY_NSDocumentsFolderUsageDescription = $PRIVACY_ACCESS_BABYLON_PROFILE;
				INFOPLIST_KEY_NSDownloadsFolderUsageDescription = $PRIVACY_ACCESS_BABYLON_PROFILE;
				INFOPLIST_KEY_NSFaceIDUsageDescription = "Access Babylon Wallet Secrets";
				IPHONEOS_DEPLOYMENT_TARGET = 15.0;
				MACOSX_DEPLOYMENT_TARGET = 12.0;
				MTL_ENABLE_DEBUG_INFO = NO;
				MTL_FAST_MATH = YES;
				PRIVACY_ACCESS_BABYLON_PROFILE = "Import Babylon Profile file";
				PRODUCT_BUNDLE_IDENTIFIER = works.rdx.e2e.babylon;
				SWIFT_COMPILATION_MODE = wholemodule;
				SWIFT_OPTIMIZATION_LEVEL = "-O";
				SWIFT_STRICT_CONCURRENCY = complete;
			};
			name = Release;
		};
		E6805BD6286DB3ED00861180 /* Debug */ = {
			isa = XCBuildConfiguration;
			buildSettings = {
				ASSETCATALOG_COMPILER_APPICON_NAME = AppIcon;
				CODE_SIGN_IDENTITY = "Apple Development";
				CODE_SIGN_STYLE = Manual;
				CURRENT_PROJECT_VERSION = 1;
				DEVELOPMENT_TEAM = 7SPGKHD4HZ;
				"DEVELOPMENT_TEAM[sdk=iphoneos*]" = 7SPGKHD4HZ;
				ENABLE_PREVIEWS = YES;
				GENERATE_INFOPLIST_FILE = YES;
				INFOPLIST_FILE = "BabylonWallet--iOS--Info.plist";
				INFOPLIST_KEY_UIApplicationSceneManifest_Generation = YES;
				INFOPLIST_KEY_UIApplicationSupportsIndirectInputEvents = YES;
				INFOPLIST_KEY_UILaunchScreen_Generation = YES;
				INFOPLIST_KEY_UISupportedInterfaceOrientations = UIInterfaceOrientationPortrait;
				INFOPLIST_KEY_UISupportedInterfaceOrientations_iPad = "UIInterfaceOrientationLandscapeLeft UIInterfaceOrientationLandscapeRight UIInterfaceOrientationPortrait UIInterfaceOrientationPortraitUpsideDown";
				INFOPLIST_KEY_UIUserInterfaceStyle = Light;
				IPHONEOS_DEPLOYMENT_TARGET = 15.0;
				LD_RUNPATH_SEARCH_PATHS = (
					"$(inherited)",
					"@executable_path/Frameworks",
				);
				MARKETING_VERSION = 0.0.4;
				PRODUCT_NAME = BabylonWallet;
				PROVISIONING_PROFILE_SPECIFIER = "";
				"PROVISIONING_PROFILE_SPECIFIER[sdk=iphoneos*]" = "match Development works.rdx.e2e.babylon";
				SDKROOT = iphoneos;
				SWIFT_EMIT_LOC_STRINGS = YES;
				SWIFT_VERSION = 5.0;
				TARGETED_DEVICE_FAMILY = 1;
				VERSIONING_SYSTEM = "apple-generic";
			};
			name = Debug;
		};
		E6805BD7286DB3ED00861180 /* Release */ = {
			isa = XCBuildConfiguration;
			buildSettings = {
				ASSETCATALOG_COMPILER_APPICON_NAME = AppIcon;
				CODE_SIGN_IDENTITY = "Apple Distribution";
				CODE_SIGN_STYLE = Manual;
				CURRENT_PROJECT_VERSION = 1;
				DEVELOPMENT_TEAM = 7SPGKHD4HZ;
				"DEVELOPMENT_TEAM[sdk=iphoneos*]" = 7SPGKHD4HZ;
				ENABLE_PREVIEWS = YES;
				GENERATE_INFOPLIST_FILE = YES;
				INFOPLIST_FILE = "BabylonWallet--iOS--Info.plist";
				INFOPLIST_KEY_UIApplicationSceneManifest_Generation = YES;
				INFOPLIST_KEY_UIApplicationSupportsIndirectInputEvents = YES;
				INFOPLIST_KEY_UILaunchScreen_Generation = YES;
				INFOPLIST_KEY_UISupportedInterfaceOrientations = UIInterfaceOrientationPortrait;
				INFOPLIST_KEY_UISupportedInterfaceOrientations_iPad = "UIInterfaceOrientationLandscapeLeft UIInterfaceOrientationLandscapeRight UIInterfaceOrientationPortrait UIInterfaceOrientationPortraitUpsideDown";
				INFOPLIST_KEY_UIUserInterfaceStyle = Light;
				IPHONEOS_DEPLOYMENT_TARGET = 15.0;
				LD_RUNPATH_SEARCH_PATHS = (
					"$(inherited)",
					"@executable_path/Frameworks",
				);
				MARKETING_VERSION = 0.0.4;
				PRODUCT_NAME = BabylonWallet;
				PROVISIONING_PROFILE_SPECIFIER = "";
				"PROVISIONING_PROFILE_SPECIFIER[sdk=iphoneos*]" = "match AppStore works.rdx.e2e.babylon";
				SDKROOT = iphoneos;
				SWIFT_EMIT_LOC_STRINGS = YES;
				SWIFT_VERSION = 5.0;
				TARGETED_DEVICE_FAMILY = 1;
				VALIDATE_PRODUCT = YES;
				VERSIONING_SYSTEM = "apple-generic";
			};
			name = Release;
		};
		E6805BD9286DB3ED00861180 /* Debug */ = {
			isa = XCBuildConfiguration;
			buildSettings = {
				ASSETCATALOG_COMPILER_APPICON_NAME = AppIcon;
				CODE_SIGN_ENTITLEMENTS = macOS/macOS.entitlements;
				CODE_SIGN_IDENTITY = "Apple Development";
				"CODE_SIGN_IDENTITY[sdk=macosx*]" = "Apple Development";
				CODE_SIGN_STYLE = Manual;
				COMBINE_HIDPI_IMAGES = YES;
				CURRENT_PROJECT_VERSION = 1;
				DEAD_CODE_STRIPPING = YES;
				DEVELOPMENT_TEAM = 7SPGKHD4HZ;
				"DEVELOPMENT_TEAM[sdk=macosx*]" = 7SPGKHD4HZ;
				ENABLE_HARDENED_RUNTIME = YES;
				ENABLE_PREVIEWS = YES;
				GENERATE_INFOPLIST_FILE = YES;
				INFOPLIST_FILE = "BabylonWallet--macOS--Info.plist";
				INFOPLIST_KEY_NSHumanReadableCopyright = "";
				INFOPLIST_KEY_UIUserInterfaceStyle = Light;
				LD_RUNPATH_SEARCH_PATHS = (
					"$(inherited)",
					"@executable_path/../Frameworks",
				);
				MACOSX_DEPLOYMENT_TARGET = 12.0;
				MARKETING_VERSION = 0.0.4;
				PRODUCT_NAME = BabylonWallet;
				PROVISIONING_PROFILE_SPECIFIER = "";
				"PROVISIONING_PROFILE_SPECIFIER[sdk=macosx*]" = "match Development works.rdx.e2e.babylon macos";
				SDKROOT = macosx;
				SWIFT_EMIT_LOC_STRINGS = YES;
				SWIFT_VERSION = 5.0;
				VERSIONING_SYSTEM = "apple-generic";
			};
			name = Debug;
		};
		E6805BDA286DB3ED00861180 /* Release */ = {
			isa = XCBuildConfiguration;
			buildSettings = {
				ASSETCATALOG_COMPILER_APPICON_NAME = AppIcon;
				CODE_SIGN_ENTITLEMENTS = macOS/macOS.entitlements;
				CODE_SIGN_IDENTITY = "-";
				CODE_SIGN_STYLE = Manual;
				COMBINE_HIDPI_IMAGES = YES;
				CURRENT_PROJECT_VERSION = 1;
				DEAD_CODE_STRIPPING = YES;
				DEVELOPMENT_TEAM = 7SPGKHD4HZ;
				"DEVELOPMENT_TEAM[sdk=macosx*]" = "";
				ENABLE_HARDENED_RUNTIME = YES;
				ENABLE_PREVIEWS = YES;
				GENERATE_INFOPLIST_FILE = YES;
				INFOPLIST_FILE = "BabylonWallet--macOS--Info.plist";
				INFOPLIST_KEY_NSHumanReadableCopyright = "";
				INFOPLIST_KEY_UIUserInterfaceStyle = Light;
				LD_RUNPATH_SEARCH_PATHS = (
					"$(inherited)",
					"@executable_path/../Frameworks",
				);
				MACOSX_DEPLOYMENT_TARGET = 12.0;
				MARKETING_VERSION = 0.0.4;
				PRODUCT_NAME = BabylonWallet;
				PROVISIONING_PROFILE_SPECIFIER = "";
				SDKROOT = macosx;
				SWIFT_EMIT_LOC_STRINGS = YES;
				SWIFT_VERSION = 5.0;
				VERSIONING_SYSTEM = "apple-generic";
			};
			name = Release;
		};
/* End XCBuildConfiguration section */

/* Begin XCConfigurationList section */
		E6805BBB286DB3EB00861180 /* Build configuration list for PBXProject "BabylonWallet" */ = {
			isa = XCConfigurationList;
			buildConfigurations = (
				E6805BD3286DB3ED00861180 /* Debug */,
				E6805BD4286DB3ED00861180 /* Release */,
			);
			defaultConfigurationIsVisible = 0;
			defaultConfigurationName = Release;
		};
		E6805BD5286DB3ED00861180 /* Build configuration list for PBXNativeTarget "BabylonWallet (iOS)" */ = {
			isa = XCConfigurationList;
			buildConfigurations = (
				E6805BD6286DB3ED00861180 /* Debug */,
				E6805BD7286DB3ED00861180 /* Release */,
			);
			defaultConfigurationIsVisible = 0;
			defaultConfigurationName = Release;
		};
		E6805BD8286DB3ED00861180 /* Build configuration list for PBXNativeTarget "BabylonWallet (macOS)" */ = {
			isa = XCConfigurationList;
			buildConfigurations = (
				E6805BD9286DB3ED00861180 /* Debug */,
				E6805BDA286DB3ED00861180 /* Release */,
			);
			defaultConfigurationIsVisible = 0;
			defaultConfigurationName = Release;
		};
/* End XCConfigurationList section */

/* Begin XCSwiftPackageProductDependency section */
		E667FFD228F6F7ED0015544F /* AppFeature */ = {
			isa = XCSwiftPackageProductDependency;
			productName = AppFeature;
		};
		E667FFD428F6F7F00015544F /* AppFeature */ = {
			isa = XCSwiftPackageProductDependency;
			productName = AppFeature;
		};
		E6805BDE286DB74300861180 /* AppFeature */ = {
			isa = XCSwiftPackageProductDependency;
			productName = AppFeature;
		};
		E6A17E56292FB01500D40EDB /* AppFeature */ = {
			isa = XCSwiftPackageProductDependency;
			productName = AppFeature;
		};
/* End XCSwiftPackageProductDependency section */
	};
	rootObject = E6805BB8286DB3EB00861180 /* Project object */;
}
