// !$*UTF8*$!
{
	archiveVersion = 1;
	classes = {
	};
	objectVersion = 55;
	objects = {

/* Begin PBXBuildFile section */
		83B9D894294CAEBA00C4582D /* InfoPlist.strings in Resources */ = {isa = PBXBuildFile; fileRef = 83B9D897294CAEBA00C4582D /* InfoPlist.strings */; };
		83B9D895294CAEBA00C4582D /* InfoPlist.strings in Resources */ = {isa = PBXBuildFile; fileRef = 83B9D897294CAEBA00C4582D /* InfoPlist.strings */; };
		D5B1769F29267C1F00AAE13B /* AppIcon.xcassets in Resources */ = {isa = PBXBuildFile; fileRef = D5B1769E29267C1F00AAE13B /* AppIcon.xcassets */; };
		D5B176A029267C1F00AAE13B /* AppIcon.xcassets in Resources */ = {isa = PBXBuildFile; fileRef = D5B1769E29267C1F00AAE13B /* AppIcon.xcassets */; };
		E667FFD328F6F7ED0015544F /* AppFeature in Frameworks */ = {isa = PBXBuildFile; productRef = E667FFD228F6F7ED0015544F /* AppFeature */; };
		E6805BCD286DB3ED00861180 /* WalletApp.swift in Sources */ = {isa = PBXBuildFile; fileRef = E6805BBD286DB3EC00861180 /* WalletApp.swift */; };
		E6805BCE286DB3ED00861180 /* WalletApp.swift in Sources */ = {isa = PBXBuildFile; fileRef = E6805BBD286DB3EC00861180 /* WalletApp.swift */; };
		E6805BDF286DB74300861180 /* AppFeature in Frameworks */ = {isa = PBXBuildFile; productRef = E6805BDE286DB74300861180 /* AppFeature */; settings = {ATTRIBUTES = (Required, ); }; };
/* End PBXBuildFile section */

/* Begin PBXFileReference section */
		83357231294CC633007E0AB4 /* Common.xcconfig */ = {isa = PBXFileReference; lastKnownFileType = text.xcconfig; path = Common.xcconfig; sourceTree = "<group>"; };
		839D88D3294B34140098B586 /* Project-Beta.xcconfig */ = {isa = PBXFileReference; lastKnownFileType = text.xcconfig; path = "Project-Beta.xcconfig"; sourceTree = "<group>"; };
		839D88D4294B34140098B586 /* Project-Shared.xcconfig */ = {isa = PBXFileReference; lastKnownFileType = text.xcconfig; path = "Project-Shared.xcconfig"; sourceTree = "<group>"; };
		839D88D5294B34150098B586 /* Project-Release.xcconfig */ = {isa = PBXFileReference; lastKnownFileType = text.xcconfig; path = "Project-Release.xcconfig"; sourceTree = "<group>"; };
		839D88D6294B34150098B586 /* Project-Alpha.xcconfig */ = {isa = PBXFileReference; lastKnownFileType = text.xcconfig; path = "Project-Alpha.xcconfig"; sourceTree = "<group>"; };
		839D88D7294B34150098B586 /* Project-Dev.xcconfig */ = {isa = PBXFileReference; lastKnownFileType = text.xcconfig; path = "Project-Dev.xcconfig"; sourceTree = "<group>"; };
		839D88D8294B509C0098B586 /* iOS-shared.xcconfig */ = {isa = PBXFileReference; lastKnownFileType = text.xcconfig; path = "iOS-shared.xcconfig"; sourceTree = "<group>"; };
		839D88D9294B50AC0098B586 /* iOS-dev.xcconfig */ = {isa = PBXFileReference; lastKnownFileType = text.xcconfig; path = "iOS-dev.xcconfig"; sourceTree = "<group>"; };
		839D88DA294B50B20098B586 /* iOS-alpha.xcconfig */ = {isa = PBXFileReference; lastKnownFileType = text.xcconfig; path = "iOS-alpha.xcconfig"; sourceTree = "<group>"; };
		839D88DB294B50B60098B586 /* iOS-beta.xcconfig */ = {isa = PBXFileReference; lastKnownFileType = text.xcconfig; path = "iOS-beta.xcconfig"; sourceTree = "<group>"; };
		839D88DC294B50BD0098B586 /* iOS-release.xcconfig */ = {isa = PBXFileReference; lastKnownFileType = text.xcconfig; path = "iOS-release.xcconfig"; sourceTree = "<group>"; };
		839D88DF294B53C60098B586 /* Project-Release-Opt.xcconfig */ = {isa = PBXFileReference; lastKnownFileType = text.xcconfig; path = "Project-Release-Opt.xcconfig"; sourceTree = "<group>"; };
		839D88E0294B54C00098B586 /* README.md */ = {isa = PBXFileReference; lastKnownFileType = net.daringfireball.markdown; path = README.md; sourceTree = "<group>"; };
		839D88E1294B576C0098B586 /* iOS-release-opt.xcconfig */ = {isa = PBXFileReference; lastKnownFileType = text.xcconfig; path = "iOS-release-opt.xcconfig"; sourceTree = "<group>"; };
		839D88E5294B6B880098B586 /* Radix-Wallet--iOS--Info.plist */ = {isa = PBXFileReference; lastKnownFileType = text.plist.xml; path = "Radix-Wallet--iOS--Info.plist"; sourceTree = "<group>"; };
		839D88E7294B6DA80098B586 /* macOS-shared.xcconfig */ = {isa = PBXFileReference; lastKnownFileType = text.xcconfig; path = "macOS-shared.xcconfig"; sourceTree = "<group>"; };
		839D88E9294B7A620098B586 /* Radix-Wallet--macOS--Info.plist */ = {isa = PBXFileReference; lastKnownFileType = text.plist.xml; path = "Radix-Wallet--macOS--Info.plist"; sourceTree = "<group>"; };
		83B9D896294CAEBA00C4582D /* en */ = {isa = PBXFileReference; lastKnownFileType = text.plist.strings; name = en; path = en.lproj/InfoPlist.strings; sourceTree = "<group>"; };
		D5B1769E29267C1F00AAE13B /* AppIcon.xcassets */ = {isa = PBXFileReference; lastKnownFileType = folder.assetcatalog; path = AppIcon.xcassets; sourceTree = "<group>"; };
		E667FFD128F6F7E50015544F /* Babylon */ = {isa = PBXFileReference; lastKnownFileType = wrapper; name = Babylon; path = ..; sourceTree = "<group>"; };
		E6805BBD286DB3EC00861180 /* WalletApp.swift */ = {isa = PBXFileReference; lastKnownFileType = sourcecode.swift; path = WalletApp.swift; sourceTree = "<group>"; };
		E6805BC4286DB3ED00861180 /* δ-Radix Wallet.app */ = {isa = PBXFileReference; explicitFileType = wrapper.application; includeInIndex = 0; path = "δ-Radix Wallet.app"; sourceTree = BUILT_PRODUCTS_DIR; };
		E6805BCA286DB3ED00861180 /* δ-Radix Wallet.app */ = {isa = PBXFileReference; explicitFileType = wrapper.application; includeInIndex = 0; path = "δ-Radix Wallet.app"; sourceTree = BUILT_PRODUCTS_DIR; };
		E6805BCC286DB3ED00861180 /* macOS.entitlements */ = {isa = PBXFileReference; lastKnownFileType = text.plist.entitlements; path = macOS.entitlements; sourceTree = "<group>"; };
/* End PBXFileReference section */

/* Begin PBXFrameworksBuildPhase section */
		E6805BC1286DB3ED00861180 /* Frameworks */ = {
			isa = PBXFrameworksBuildPhase;
			buildActionMask = 2147483647;
			files = (
				E6805BDF286DB74300861180 /* AppFeature in Frameworks */,
			);
			runOnlyForDeploymentPostprocessing = 0;
		};
		E6805BC7286DB3ED00861180 /* Frameworks */ = {
			isa = PBXFrameworksBuildPhase;
			buildActionMask = 2147483647;
			files = (
				E667FFD328F6F7ED0015544F /* AppFeature in Frameworks */,
			);
			runOnlyForDeploymentPostprocessing = 0;
		};
/* End PBXFrameworksBuildPhase section */

/* Begin PBXGroup section */
		839D88D2294B34040098B586 /* Config */ = {
			isa = PBXGroup;
			children = (
				839D88E6294B6D8F0098B586 /* macOS */,
				839D88DE294B53760098B586 /* iOS */,
				839D88DD294B534B0098B586 /* Project */,
				83357231294CC633007E0AB4 /* Common.xcconfig */,
			);
			path = Config;
			sourceTree = "<group>";
		};
		839D88DD294B534B0098B586 /* Project */ = {
			isa = PBXGroup;
			children = (
				839D88D6294B34150098B586 /* Project-Alpha.xcconfig */,
				839D88D3294B34140098B586 /* Project-Beta.xcconfig */,
				839D88D7294B34150098B586 /* Project-Dev.xcconfig */,
				839D88DF294B53C60098B586 /* Project-Release-Opt.xcconfig */,
				839D88D5294B34150098B586 /* Project-Release.xcconfig */,
				839D88D4294B34140098B586 /* Project-Shared.xcconfig */,
				839D88E0294B54C00098B586 /* README.md */,
			);
			path = Project;
			sourceTree = "<group>";
		};
		839D88DE294B53760098B586 /* iOS */ = {
			isa = PBXGroup;
			children = (
				839D88D8294B509C0098B586 /* iOS-shared.xcconfig */,
				839D88D9294B50AC0098B586 /* iOS-dev.xcconfig */,
				839D88DA294B50B20098B586 /* iOS-alpha.xcconfig */,
				839D88DB294B50B60098B586 /* iOS-beta.xcconfig */,
				839D88DC294B50BD0098B586 /* iOS-release.xcconfig */,
				839D88E1294B576C0098B586 /* iOS-release-opt.xcconfig */,
			);
			path = iOS;
			sourceTree = "<group>";
		};
		839D88E6294B6D8F0098B586 /* macOS */ = {
			isa = PBXGroup;
			children = (
				839D88E7294B6DA80098B586 /* macOS-shared.xcconfig */,
			);
			path = macOS;
			sourceTree = "<group>";
		};
		E6805BB7286DB3EB00861180 = {
			isa = PBXGroup;
			children = (
				839D88D2294B34040098B586 /* Config */,
				839D88E5294B6B880098B586 /* Radix-Wallet--iOS--Info.plist */,
				839D88E9294B7A620098B586 /* Radix-Wallet--macOS--Info.plist */,
				83B9D897294CAEBA00C4582D /* InfoPlist.strings */,
				E6805BDB286DB44400861180 /* Packages */,
				E6805BBC286DB3EC00861180 /* Shared */,
				E6805BCB286DB3ED00861180 /* macOS */,
				E6805BC5286DB3ED00861180 /* Products */,
				E6805BDD286DB74300861180 /* Frameworks */,
			);
			sourceTree = "<group>";
			usesTabs = 1;
		};
		E6805BBC286DB3EC00861180 /* Shared */ = {
			isa = PBXGroup;
			children = (
				E6805BBD286DB3EC00861180 /* WalletApp.swift */,
				D5B1769E29267C1F00AAE13B /* AppIcon.xcassets */,
			);
			path = Shared;
			sourceTree = "<group>";
		};
		E6805BC5286DB3ED00861180 /* Products */ = {
			isa = PBXGroup;
			children = (
				E6805BC4286DB3ED00861180 /* δ-Radix Wallet.app */,
				E6805BCA286DB3ED00861180 /* δ-Radix Wallet.app */,
			);
			name = Products;
			sourceTree = "<group>";
		};
		E6805BCB286DB3ED00861180 /* macOS */ = {
			isa = PBXGroup;
			children = (
				E6805BCC286DB3ED00861180 /* macOS.entitlements */,
			);
			path = macOS;
			sourceTree = "<group>";
		};
		E6805BDB286DB44400861180 /* Packages */ = {
			isa = PBXGroup;
			children = (
				E667FFD128F6F7E50015544F /* Babylon */,
			);
			name = Packages;
			sourceTree = "<group>";
		};
		E6805BDD286DB74300861180 /* Frameworks */ = {
			isa = PBXGroup;
			children = (
			);
			name = Frameworks;
			sourceTree = "<group>";
		};
/* End PBXGroup section */

/* Begin PBXNativeTarget section */
		E6805BC3286DB3ED00861180 /* Radix Wallet (iOS) */ = {
			isa = PBXNativeTarget;
			buildConfigurationList = E6805BD5286DB3ED00861180 /* Build configuration list for PBXNativeTarget "Radix Wallet (iOS)" */;
			buildPhases = (
				E6805BC0286DB3ED00861180 /* Sources */,
				E6805BC1286DB3ED00861180 /* Frameworks */,
				E6805BC2286DB3ED00861180 /* Resources */,
			);
			buildRules = (
			);
			dependencies = (
				E6A17E57292FB01500D40EDB /* PBXTargetDependency */,
			);
			name = "Radix Wallet (iOS)";
			packageProductDependencies = (
				E6805BDE286DB74300861180 /* AppFeature */,
			);
			productName = "Wallet (iOS)";
			productReference = E6805BC4286DB3ED00861180 /* δ-Radix Wallet.app */;
			productType = "com.apple.product-type.application";
		};
		E6805BC9286DB3ED00861180 /* Radix Wallet (macOS) */ = {
			isa = PBXNativeTarget;
			buildConfigurationList = E6805BD8286DB3ED00861180 /* Build configuration list for PBXNativeTarget "Radix Wallet (macOS)" */;
			buildPhases = (
				E6805BC6286DB3ED00861180 /* Sources */,
				E6805BC7286DB3ED00861180 /* Frameworks */,
				E6805BC8286DB3ED00861180 /* Resources */,
			);
			buildRules = (
			);
			dependencies = (
				E667FFD528F6F7F00015544F /* PBXTargetDependency */,
			);
			name = "Radix Wallet (macOS)";
			packageProductDependencies = (
				E667FFD228F6F7ED0015544F /* AppFeature */,
			);
			productName = "Wallet (macOS)";
			productReference = E6805BCA286DB3ED00861180 /* δ-Radix Wallet.app */;
			productType = "com.apple.product-type.application";
		};
/* End PBXNativeTarget section */

/* Begin PBXProject section */
		E6805BB8286DB3EB00861180 /* Project object */ = {
			isa = PBXProject;
			attributes = {
				BuildIndependentTargetsInParallel = 1;
				LastSwiftUpdateCheck = 1340;
				LastUpgradeCheck = 1410;
				TargetAttributes = {
					E6805BC3286DB3ED00861180 = {
						CreatedOnToolsVersion = 13.4.1;
					};
					E6805BC9286DB3ED00861180 = {
						CreatedOnToolsVersion = 13.4.1;
					};
				};
			};
			buildConfigurationList = E6805BBB286DB3EB00861180 /* Build configuration list for PBXProject "BabylonWallet" */;
			compatibilityVersion = "Xcode 13.0";
			developmentRegion = en;
			hasScannedForEncodings = 0;
			knownRegions = (
				en,
				Base,
			);
			mainGroup = E6805BB7286DB3EB00861180;
			productRefGroup = E6805BC5286DB3ED00861180 /* Products */;
			projectDirPath = "";
			projectRoot = "";
			targets = (
				E6805BC3286DB3ED00861180 /* Radix Wallet (iOS) */,
				E6805BC9286DB3ED00861180 /* Radix Wallet (macOS) */,
			);
		};
/* End PBXProject section */

/* Begin PBXResourcesBuildPhase section */
		E6805BC2286DB3ED00861180 /* Resources */ = {
			isa = PBXResourcesBuildPhase;
			buildActionMask = 2147483647;
			files = (
				D5B1769F29267C1F00AAE13B /* AppIcon.xcassets in Resources */,
				83B9D894294CAEBA00C4582D /* InfoPlist.strings in Resources */,
			);
			runOnlyForDeploymentPostprocessing = 0;
		};
		E6805BC8286DB3ED00861180 /* Resources */ = {
			isa = PBXResourcesBuildPhase;
			buildActionMask = 2147483647;
			files = (
				D5B176A029267C1F00AAE13B /* AppIcon.xcassets in Resources */,
				83B9D895294CAEBA00C4582D /* InfoPlist.strings in Resources */,
			);
			runOnlyForDeploymentPostprocessing = 0;
		};
/* End PBXResourcesBuildPhase section */

/* Begin PBXSourcesBuildPhase section */
		E6805BC0286DB3ED00861180 /* Sources */ = {
			isa = PBXSourcesBuildPhase;
			buildActionMask = 2147483647;
			files = (
				E6805BCD286DB3ED00861180 /* WalletApp.swift in Sources */,
			);
			runOnlyForDeploymentPostprocessing = 0;
		};
		E6805BC6286DB3ED00861180 /* Sources */ = {
			isa = PBXSourcesBuildPhase;
			buildActionMask = 2147483647;
			files = (
				E6805BCE286DB3ED00861180 /* WalletApp.swift in Sources */,
			);
			runOnlyForDeploymentPostprocessing = 0;
		};
/* End PBXSourcesBuildPhase section */

/* Begin PBXTargetDependency section */
		E667FFD528F6F7F00015544F /* PBXTargetDependency */ = {
			isa = PBXTargetDependency;
			productRef = E667FFD428F6F7F00015544F /* AppFeature */;
		};
		E6A17E57292FB01500D40EDB /* PBXTargetDependency */ = {
			isa = PBXTargetDependency;
			productRef = E6A17E56292FB01500D40EDB /* AppFeature */;
		};
/* End PBXTargetDependency section */

/* Begin PBXVariantGroup section */
		83B9D897294CAEBA00C4582D /* InfoPlist.strings */ = {
			isa = PBXVariantGroup;
			children = (
				83B9D896294CAEBA00C4582D /* en */,
			);
			name = InfoPlist.strings;
			sourceTree = "<group>";
		};
/* End PBXVariantGroup section */

/* Begin XCBuildConfiguration section */
		83DEEED62949CA5A003557D7 /* Debug-Dev */ = {
			isa = XCBuildConfiguration;
			baseConfigurationReference = 839D88D7294B34150098B586 /* Project-Dev.xcconfig */;
			buildSettings = {
				CURRENT_PROJECT_VERSION = 1;
			};
			name = "Debug-Dev";
		};
		83DEEED72949CA5A003557D7 /* Debug-Dev */ = {
			isa = XCBuildConfiguration;
			baseConfigurationReference = 839D88D9294B50AC0098B586 /* iOS-dev.xcconfig */;
			buildSettings = {
			};
			name = "Debug-Dev";
		};
		83DEEED82949CA5A003557D7 /* Debug-Dev */ = {
			isa = XCBuildConfiguration;
			baseConfigurationReference = 839D88E7294B6DA80098B586 /* macOS-shared.xcconfig */;
			buildSettings = {
			};
			name = "Debug-Dev";
		};
		83E1AEDB2949BB4B00D74788 /* Beta */ = {
			isa = XCBuildConfiguration;
			baseConfigurationReference = 839D88D3294B34140098B586 /* Project-Beta.xcconfig */;
			buildSettings = {
				CURRENT_PROJECT_VERSION = 1;
			};
			name = Beta;
		};
		83E1AEDC2949BB4B00D74788 /* Beta */ = {
			isa = XCBuildConfiguration;
			baseConfigurationReference = 839D88DB294B50B60098B586 /* iOS-beta.xcconfig */;
			buildSettings = {
			};
			name = Beta;
		};
		83E1AEDD2949BB4B00D74788 /* Beta */ = {
			isa = XCBuildConfiguration;
			baseConfigurationReference = 839D88E7294B6DA80098B586 /* macOS-shared.xcconfig */;
			buildSettings = {
			};
			name = Beta;
		};
		83F41363294B185300EE5EBC /* Alpha */ = {
			isa = XCBuildConfiguration;
			baseConfigurationReference = 839D88D6294B34150098B586 /* Project-Alpha.xcconfig */;
			buildSettings = {
				CURRENT_PROJECT_VERSION = 1;
			};
			name = Alpha;
		};
		83F41364294B185300EE5EBC /* Alpha */ = {
			isa = XCBuildConfiguration;
			baseConfigurationReference = 839D88DA294B50B20098B586 /* iOS-alpha.xcconfig */;
			buildSettings = {
			};
			name = Alpha;
		};
		83F41365294B185300EE5EBC /* Alpha */ = {
			isa = XCBuildConfiguration;
			baseConfigurationReference = 839D88E7294B6DA80098B586 /* macOS-shared.xcconfig */;
			buildSettings = {
			};
			name = Alpha;
		};
		E6805BD4286DB3ED00861180 /* Release */ = {
			isa = XCBuildConfiguration;
			baseConfigurationReference = 839D88D5294B34150098B586 /* Project-Release.xcconfig */;
			buildSettings = {
				CURRENT_PROJECT_VERSION = 1;
			};
			name = Release;
		};
		E6805BD7286DB3ED00861180 /* Release */ = {
			isa = XCBuildConfiguration;
			baseConfigurationReference = 839D88DC294B50BD0098B586 /* iOS-release.xcconfig */;
			buildSettings = {
			};
			name = Release;
		};
		E6805BDA286DB3ED00861180 /* Release */ = {
			isa = XCBuildConfiguration;
			baseConfigurationReference = 839D88E7294B6DA80098B586 /* macOS-shared.xcconfig */;
			buildSettings = {
			};
			name = Release;
		};
/* End XCBuildConfiguration section */

/* Begin XCConfigurationList section */
		E6805BBB286DB3EB00861180 /* Build configuration list for PBXProject "BabylonWallet" */ = {
			isa = XCConfigurationList;
			buildConfigurations = (
				83DEEED62949CA5A003557D7 /* Debug-Dev */,
				E6805BD4286DB3ED00861180 /* Release */,
				83F41363294B185300EE5EBC /* Alpha */,
				83E1AEDB2949BB4B00D74788 /* Beta */,
			);
			defaultConfigurationIsVisible = 0;
			defaultConfigurationName = Release;
		};
		E6805BD5286DB3ED00861180 /* Build configuration list for PBXNativeTarget "Radix Wallet (iOS)" */ = {
			isa = XCConfigurationList;
			buildConfigurations = (
				83DEEED72949CA5A003557D7 /* Debug-Dev */,
				E6805BD7286DB3ED00861180 /* Release */,
				83F41364294B185300EE5EBC /* Alpha */,
				83E1AEDC2949BB4B00D74788 /* Beta */,
			);
			defaultConfigurationIsVisible = 0;
			defaultConfigurationName = Release;
		};
		E6805BD8286DB3ED00861180 /* Build configuration list for PBXNativeTarget "Radix Wallet (macOS)" */ = {
			isa = XCConfigurationList;
			buildConfigurations = (
				83DEEED82949CA5A003557D7 /* Debug-Dev */,
				E6805BDA286DB3ED00861180 /* Release */,
				83F41365294B185300EE5EBC /* Alpha */,
				83E1AEDD2949BB4B00D74788 /* Beta */,
			);
			defaultConfigurationIsVisible = 0;
			defaultConfigurationName = Release;
		};
/* End XCConfigurationList section */

/* Begin XCSwiftPackageProductDependency section */
		E667FFD228F6F7ED0015544F /* AppFeature */ = {
			isa = XCSwiftPackageProductDependency;
			productName = AppFeature;
		};
		E667FFD428F6F7F00015544F /* AppFeature */ = {
			isa = XCSwiftPackageProductDependency;
			productName = AppFeature;
		};
		E6805BDE286DB74300861180 /* AppFeature */ = {
			isa = XCSwiftPackageProductDependency;
			productName = AppFeature;
		};
		E6A17E56292FB01500D40EDB /* AppFeature */ = {
			isa = XCSwiftPackageProductDependency;
			productName = AppFeature;
		};
/* End XCSwiftPackageProductDependency section */
	};
	rootObject = E6805BB8286DB3EB00861180 /* Project object */;
}
