{
  "pins" : [
    {
      "identity" : "anycodable",
      "kind" : "remoteSourceControl",
      "location" : "https://github.com/Flight-School/AnyCodable",
      "state" : {
        "revision" : "862808b2070cd908cb04f9aafe7de83d35f81b05",
        "version" : "0.6.7"
      }
    },
    {
      "identity" : "asyncextensions",
      "kind" : "remoteSourceControl",
      "location" : "https://github.com/sideeffect-io/AsyncExtensions",
      "state" : {
        "revision" : "1f0729e4f1f6c7166acfac3cec43b3cbe83be0e6",
        "version" : "0.5.2"
      }
    },
    {
      "identity" : "bigdecimal",
      "kind" : "remoteSourceControl",
      "location" : "https://github.com/Zollerboy1/BigDecimal.git",
      "state" : {
        "revision" : "04d17040e4615fbfda3a882b9881f6841f4bf557",
        "version" : "1.0.2"
      }
    },
    {
      "identity" : "bigint",
      "kind" : "remoteSourceControl",
      "location" : "https://github.com/attaswift/BigInt",
      "state" : {
        "revision" : "0ed110f7555c34ff468e72e1686e59721f2b0da6",
        "version" : "5.3.0"
      }
    },
    {
      "identity" : "codescanner",
      "kind" : "remoteSourceControl",
      "location" : "https://github.com/twostraws/CodeScanner",
      "state" : {
        "revision" : "bf5d7087015620b250ee6c865b3c9039fc159d1a",
        "version" : "2.3.3"
      }
    },
    {
      "identity" : "collectionconcurrencykit",
      "kind" : "remoteSourceControl",
      "location" : "https://github.com/JohnSundell/CollectionConcurrencyKit.git",
      "state" : {
        "revision" : "b4f23e24b5a1bff301efc5e70871083ca029ff95",
        "version" : "0.2.0"
      }
    },
    {
      "identity" : "combine-schedulers",
      "kind" : "remoteSourceControl",
      "location" : "https://github.com/pointfreeco/combine-schedulers",
      "state" : {
        "revision" : "9dc9cbe4bc45c65164fa653a563d8d8db61b09bb",
        "version" : "1.0.0"
      }
    },
    {
      "identity" : "jsonpreview",
      "kind" : "remoteSourceControl",
      "location" : "https://github.com/rakuyoMo/JSONPreview.git",
      "state" : {
        "revision" : "d4eafeea0230f25a2f90087fe4bda50b86ecc8cd",
        "version" : "2.0.0"
      }
    },
    {
      "identity" : "k1",
      "kind" : "remoteSourceControl",
      "location" : "https://github.com/Sajjon/K1.git",
      "state" : {
        "revision" : "9e6c2716b2e6b306d38ca5ec85ff6c16ea148ad1",
        "version" : "0.3.8"
      }
    },
    {
      "identity" : "keychainaccess",
      "kind" : "remoteSourceControl",
      "location" : "https://github.com/kishikawakatsumi/KeychainAccess",
      "state" : {
        "revision" : "84e546727d66f1adc5439debad16270d0fdd04e7",
        "version" : "4.2.2"
      }
    },
    {
      "identity" : "legibleerror",
      "kind" : "remoteSourceControl",
      "location" : "https://github.com/mxcl/LegibleError",
      "state" : {
        "revision" : "bc596702d7ff618c3f90ba480eeb48b3e83a2fbe",
        "version" : "1.0.6"
      }
    },
    {
      "identity" : "nuke",
      "kind" : "remoteSourceControl",
      "location" : "https://github.com/kean/Nuke",
      "state" : {
        "revision" : "33f7e93be5d4ec027d42af77a8ec4680d1862ad2",
        "version" : "11.6.4"
      }
    },
    {
      "identity" : "screenshotpreventing-ios",
      "kind" : "remoteSourceControl",
      "location" : "https://github.com/Sajjon/ScreenshotPreventing-iOS.git",
      "state" : {
        "revision" : "02d9892489ef2bb145f693a36ec914109f1d90ab",
        "version" : "0.0.1"
      }
    },
    {
      "identity" : "swift-algorithms",
      "kind" : "remoteSourceControl",
      "location" : "https://github.com/apple/swift-algorithms",
      "state" : {
        "revision" : "b14b7f4c528c942f121c8b860b9410b2bf57825e",
        "version" : "1.0.0"
      }
    },
    {
      "identity" : "swift-async-algorithms",
      "kind" : "remoteSourceControl",
      "location" : "https://github.com/apple/swift-async-algorithms",
      "state" : {
        "revision" : "9cfed92b026c524674ed869a4ff2dcfdeedf8a2a",
        "version" : "0.1.0"
      }
    },
    {
      "identity" : "swift-builders",
      "kind" : "remoteSourceControl",
      "location" : "https://github.com/davdroman/swift-builders",
      "state" : {
        "revision" : "a8fd97e32b7bb65f3fc1bd7d72725155fb2b4d77",
        "version" : "0.4.0"
      }
    },
    {
      "identity" : "swift-case-paths",
      "kind" : "remoteSourceControl",
      "location" : "https://github.com/pointfreeco/swift-case-paths",
      "state" : {
        "revision" : "5da6989aae464f324eef5c5b52bdb7974725ab81",
        "version" : "1.0.0"
      }
    },
    {
      "identity" : "swift-clocks",
      "kind" : "remoteSourceControl",
      "location" : "https://github.com/pointfreeco/swift-clocks",
      "state" : {
        "revision" : "d1fd837326aa719bee979bdde1f53cd5797443eb",
        "version" : "1.0.0"
      }
    },
    {
      "identity" : "swift-collections",
      "kind" : "remoteSourceControl",
      "location" : "https://github.com/apple/swift-collections",
      "state" : {
        "branch" : "main",
        "revision" : "939cfd25234472b4dc91c3caeab304d15bca9a73"
      }
    },
    {
      "identity" : "swift-composable-architecture",
      "kind" : "remoteSourceControl",
      "location" : "https://github.com/radixdlt/swift-composable-architecture",
      "state" : {
        "branch" : "full-scope-1.1",
        "revision" : "ffe941d988e42466d84f3d1c98645c1401810544"
      }
    },
    {
      "identity" : "swift-concurrency-extras",
      "kind" : "remoteSourceControl",
      "location" : "https://github.com/pointfreeco/swift-concurrency-extras",
      "state" : {
        "revision" : "ea631ce892687f5432a833312292b80db238186a",
        "version" : "1.0.0"
      }
    },
    {
      "identity" : "swift-custom-dump",
      "kind" : "remoteSourceControl",
      "location" : "https://github.com/pointfreeco/swift-custom-dump",
      "state" : {
        "revision" : "edd66cace818e1b1c6f1b3349bb1d8e00d6f8b01",
        "version" : "1.0.0"
      }
    },
    {
      "identity" : "swift-dependencies",
      "kind" : "remoteSourceControl",
      "location" : "https://github.com/pointfreeco/swift-dependencies",
      "state" : {
        "revision" : "4e1eb6e28afe723286d8cc60611237ffbddba7c5",
        "version" : "1.0.0"
      }
    },
    {
      "identity" : "swift-dependencies-additions",
      "kind" : "remoteSourceControl",
      "location" : "https://github.com/tgrapperon/swift-dependencies-additions",
      "state" : {
        "revision" : "3223855b5ad1e049bc89330496a09ff7a69c5a48",
        "version" : "1.0.0"
      }
    },
    {
      "identity" : "swift-either",
      "kind" : "remoteSourceControl",
      "location" : "https://github.com/pointfreeco/swift-either",
      "state" : {
        "branch" : "main",
        "revision" : "db33f4084304e2ef47c8b4d2949f0eb286f95b90"
      }
    },
    {
      "identity" : "swift-engine-toolkit",
      "kind" : "remoteSourceControl",
      "location" : "https://github.com/radixdlt/swift-engine-toolkit",
      "state" : {
        "revision" : "4ded56afc8a8a55ffeadbdce16dbb5789ab4d664",
        "version" : "0.12.1-293dd4c"
      }
    },
    {
      "identity" : "swift-identified-collections",
      "kind" : "remoteSourceControl",
      "location" : "https://github.com/pointfreeco/swift-identified-collections",
      "state" : {
        "revision" : "d1e45f3e1eee2c9193f5369fa9d70a6ddad635e8",
        "version" : "1.0.0"
      }
    },
    {
      "identity" : "swift-json-testing",
      "kind" : "remoteSourceControl",
      "location" : "https://github.com/kugel3/swift-json-testing",
      "state" : {
        "revision" : "553ff2d4c99c85926c0b4a300493766fa2984c35",
        "version" : "0.1.1"
      }
    },
    {
      "identity" : "swift-log",
      "kind" : "remoteSourceControl",
      "location" : "https://github.com/apple/swift-log.git",
      "state" : {
        "revision" : "532d8b529501fb73a2455b179e0bbb6d49b652ed",
        "version" : "1.5.3"
      }
    },
    {
      "identity" : "swift-log-console-colors",
      "kind" : "remoteSourceControl",
      "location" : "https://github.com/nneuberger1/swift-log-console-colors",
      "state" : {
        "revision" : "510bfc6ef5d656ea450497c4c2b50e0cd0240403",
        "version" : "1.0.3"
      }
    },
    {
      "identity" : "swift-log-file",
      "kind" : "remoteSourceControl",
      "location" : "https://github.com/crspybits/swift-log-file",
      "state" : {
        "revision" : "aa94b38bf88c7d9cbc87ceafcdffadaffbc2bffa",
        "version" : "0.1.0"
      }
    },
    {
      "identity" : "swift-nonempty",
      "kind" : "remoteSourceControl",
      "location" : "https://github.com/pointfreeco/swift-nonempty",
      "state" : {
        "revision" : "8074e5f2e4a6de5a42476e545cc33438021aa2a4",
        "version" : "0.4.0"
      }
    },
    {
      "identity" : "swift-numerics",
      "kind" : "remoteSourceControl",
      "location" : "https://github.com/apple/swift-numerics",
      "state" : {
        "revision" : "0a5bc04095a675662cf24757cc0640aa2204253b",
        "version" : "1.0.2"
      }
    },
    {
      "identity" : "swift-overture",
      "kind" : "remoteSourceControl",
      "location" : "https://github.com/pointfreeco/swift-overture",
      "state" : {
        "revision" : "7977acd7597f413717058acc1e080731249a1d7e",
        "version" : "0.5.0"
      }
    },
    {
      "identity" : "swift-tagged",
      "kind" : "remoteSourceControl",
      "location" : "https://github.com/pointfreeco/swift-tagged",
      "state" : {
        "revision" : "3907a9438f5b57d317001dc99f3f11b46882272b",
        "version" : "0.10.0"
      }
    },
    {
      "identity" : "swift-validated",
      "kind" : "remoteSourceControl",
      "location" : "https://github.com/pointfreeco/swift-validated",
      "state" : {
        "revision" : "e9685ce68943c9e9d26f9f999c64823dea3ef0e7",
        "version" : "0.2.1"
      }
    },
    {
      "identity" : "swiftgenplugin",
      "kind" : "remoteSourceControl",
      "location" : "https://github.com/SwiftGen/SwiftGenPlugin",
      "state" : {
        "revision" : "879b85a470cacd70c19e22eb7e11a3aed66f4068",
        "version" : "6.6.2"
      }
    },
    {
      "identity" : "swiftui-introspect",
      "kind" : "remoteSourceControl",
      "location" : "https://github.com/siteline/SwiftUI-Introspect",
      "state" : {
        "revision" : "121c146fe591b1320238d054ae35c81ffa45f45a",
        "version" : "0.12.0"
      }
    },
    {
      "identity" : "swiftui-navigation",
      "kind" : "remoteSourceControl",
      "location" : "https://github.com/pointfreeco/swiftui-navigation",
      "state" : {
        "revision" : "f5bcdac5b6bb3f826916b14705f37a3937c2fd34",
        "version" : "1.0.0"
      }
    },
    {
      "identity" : "swiftui-navigation-transitions",
      "kind" : "remoteSourceControl",
      "location" : "https://github.com/davdroman/swiftui-navigation-transitions",
      "state" : {
        "revision" : "df1c4e432c5e584cd6d6849c069d3df9ca7e86d8",
        "version" : "0.9.0"
      }
    },
    {
      "identity" : "textbuilder",
      "kind" : "remoteSourceControl",
      "location" : "https://github.com/davdroman/TextBuilder",
      "state" : {
        "revision" : "bec40373ebb5840473e01ca0485fc91ad6c8c9e9",
        "version" : "2.2.0"
      }
    },
    {
      "identity" : "webrtc",
      "kind" : "remoteSourceControl",
      "location" : "https://github.com/stasel/WebRTC",
      "state" : {
        "revision" : "c487cd3e567ca0b58c59496475f1ca6f0572aec6",
        "version" : "116.0.0"
      }
    },
    {
      "identity" : "xcglogger",
      "kind" : "remoteSourceControl",
      "location" : "https://github.com/DaveWoodCom/XCGLogger.git",
      "state" : {
        "revision" : "a9c4667b247928a29bdd41be2ec2c8d304215a54",
        "version" : "7.0.1"
      }
    },
    {
      "identity" : "xctest-dynamic-overlay",
      "kind" : "remoteSourceControl",
      "location" : "https://github.com/pointfreeco/xctest-dynamic-overlay",
      "state" : {
        "revision" : "23cbf2294e350076ea4dbd7d5d047c1e76b03631",
        "version" : "1.0.2"
      }
    }
  ],
  "version" : 2
}
