{
  "pins" : [
    {
      "identity" : "anycodable",
      "kind" : "remoteSourceControl",
      "location" : "https://github.com/Flight-School/AnyCodable",
      "state" : {
        "revision" : "862808b2070cd908cb04f9aafe7de83d35f81b05",
        "version" : "0.6.7"
      }
    },
    {
      "identity" : "asyncextensions",
      "kind" : "remoteSourceControl",
      "location" : "https://github.com/sideeffect-io/AsyncExtensions",
      "state" : {
        "revision" : "ee170c270dc9b8518c7d46d2d85157359f76299c",
        "version" : "0.5.1"
      }
    },
    {
      "identity" : "bigint",
      "kind" : "remoteSourceControl",
      "location" : "https://github.com/attaswift/BigInt",
      "state" : {
        "revision" : "0ed110f7555c34ff468e72e1686e59721f2b0da6",
        "version" : "5.3.0"
      }
    },
    {
      "identity" : "bite",
      "kind" : "remoteSourceControl",
      "location" : "git@github.com:radixdlt/Bite.git",
      "state" : {
        "revision" : "b6801c0d4e269063ebc7b4930269d9d728b64e47",
        "version" : "0.0.1"
      }
    },
    {
      "identity" : "codescanner",
      "kind" : "remoteSourceControl",
      "location" : "https://github.com/twostraws/CodeScanner",
      "state" : {
        "revision" : "c7859712034a08bb5a018fbe8751c1f1edc4b248",
        "version" : "2.2.1"
      }
    },
    {
      "identity" : "combine-schedulers",
      "kind" : "remoteSourceControl",
      "location" : "https://github.com/pointfreeco/combine-schedulers",
      "state" : {
        "revision" : "882ac01eb7ef9e36d4467eb4b1151e74fcef85ab",
        "version" : "0.9.1"
      }
    },
    {
      "identity" : "converse",
      "kind" : "remoteSourceControl",
      "location" : "git@github.com:radixdlt/Converse.git",
      "state" : {
        "revision" : "32144d48513778dd4ce9e50504ef7ba4e0eeced3",
        "version" : "0.2.1"
      }
    },
    {
      "identity" : "k1",
      "kind" : "remoteSourceControl",
      "location" : "https://github.com/Sajjon/K1.git",
      "state" : {
        "revision" : "a6796d66597f0295fe3fe37e00bfda370b439c78",
        "version" : "0.0.4"
      }
    },
    {
      "identity" : "keychainaccess",
      "kind" : "remoteSourceControl",
      "location" : "https://github.com/kishikawakatsumi/KeychainAccess",
      "state" : {
        "revision" : "84e546727d66f1adc5439debad16270d0fdd04e7",
        "version" : "4.2.2"
      }
    },
    {
      "identity" : "legibleerror",
      "kind" : "remoteSourceControl",
      "location" : "https://github.com/mxcl/LegibleError",
      "state" : {
        "revision" : "bc596702d7ff618c3f90ba480eeb48b3e83a2fbe",
        "version" : "1.0.6"
      }
    },
    {
      "identity" : "mnemonic",
      "kind" : "remoteSourceControl",
      "location" : "git@github.com:radixdlt/Mnemonic.git",
      "state" : {
        "revision" : "c16383ddf78bc7ff71435f78fa0c4bdecc186a96",
        "version" : "0.0.5"
      }
    },
    {
      "identity" : "nuke",
      "kind" : "remoteSourceControl",
      "location" : "https://github.com/kean/Nuke",
      "state" : {
        "revision" : "93c8dc78fbc0aa3538a0db460eb389d4180af242",
        "version" : "11.3.1"
      }
    },
    {
      "identity" : "slip10",
      "kind" : "remoteSourceControl",
      "location" : "git@github.com:radixdlt/SLIP10.git",
      "state" : {
        "revision" : "5d496c72282f675bee91b953a74c086ce86f7faa",
        "version" : "0.0.20"
      }
    },
    {
      "identity" : "swift-algorithms",
      "kind" : "remoteSourceControl",
      "location" : "https://github.com/apple/swift-algorithms",
      "state" : {
        "revision" : "b14b7f4c528c942f121c8b860b9410b2bf57825e",
        "version" : "1.0.0"
      }
    },
    {
      "identity" : "swift-argument-parser",
      "kind" : "remoteSourceControl",
      "location" : "https://github.com/apple/swift-argument-parser",
      "state" : {
        "revision" : "fddd1c00396eed152c45a46bea9f47b98e59301d",
        "version" : "1.2.0"
      }
    },
    {
      "identity" : "swift-async-algorithms",
      "kind" : "remoteSourceControl",
      "location" : "https://github.com/apple/swift-async-algorithms",
      "state" : {
        "revision" : "cca423ff03ab657062f3781847e65a867b51bb01",
        "version" : "0.0.3"
      }
    },
    {
      "identity" : "swift-case-paths",
      "kind" : "remoteSourceControl",
      "location" : "https://github.com/pointfreeco/swift-case-paths",
      "state" : {
        "revision" : "bb436421f57269fbcfe7360735985321585a86e5",
        "version" : "0.10.1"
      }
    },
    {
      "identity" : "swift-clocks",
      "kind" : "remoteSourceControl",
      "location" : "https://github.com/pointfreeco/swift-clocks",
      "state" : {
        "revision" : "20b25ca0dd88ebfb9111ec937814ddc5a8880172",
        "version" : "0.2.0"
      }
    },
    {
      "identity" : "swift-collections",
      "kind" : "remoteSourceControl",
      "location" : "https://github.com/apple/swift-collections",
      "state" : {
        "revision" : "937e904258d22af6e447a0b72c0bc67583ef64a2",
        "version" : "1.0.4"
      }
    },
    {
      "identity" : "swift-composable-architecture",
      "kind" : "remoteSourceControl",
      "location" : "https://github.com/pointfreeco/swift-composable-architecture",
      "state" : {
        "revision" : "c9259b5f74892690cb04a9a8088b4a1789b05a7d",
        "version" : "0.47.2"
      }
    },
    {
      "identity" : "swift-custom-dump",
      "kind" : "remoteSourceControl",
      "location" : "https://github.com/pointfreeco/swift-custom-dump",
      "state" : {
        "revision" : "ead7d30cc224c3642c150b546f4f1080d1c411a8",
        "version" : "0.6.1"
      }
    },
    {
      "identity" : "swift-engine-toolkit",
      "kind" : "remoteSourceControl",
      "location" : "git@github.com:radixdlt/swift-engine-toolkit.git",
      "state" : {
        "revision" : "78c46361e0a025b2603959c3b21868fb2308d1e0",
        "version" : "0.1.11"
      }
    },
    {
      "identity" : "swift-identified-collections",
      "kind" : "remoteSourceControl",
      "location" : "https://github.com/pointfreeco/swift-identified-collections",
      "state" : {
        "revision" : "a08887de589e3829d488e0b4b707b2ca804b1060",
        "version" : "0.5.0"
      }
    },
    {
      "identity" : "swift-log",
      "kind" : "remoteSourceControl",
      "location" : "https://github.com/apple/swift-log.git",
      "state" : {
        "revision" : "6fe203dc33195667ce1759bf0182975e4653ba1c",
        "version" : "1.4.4"
      }
    },
    {
      "identity" : "swift-log-console-colors",
      "kind" : "remoteSourceControl",
      "location" : "https://github.com/nneuberger1/swift-log-console-colors",
      "state" : {
        "revision" : "510bfc6ef5d656ea450497c4c2b50e0cd0240403",
        "version" : "1.0.3"
      }
    },
    {
      "identity" : "swift-nonempty",
      "kind" : "remoteSourceControl",
      "location" : "https://github.com/pointfreeco/swift-nonempty",
      "state" : {
        "revision" : "8074e5f2e4a6de5a42476e545cc33438021aa2a4",
        "version" : "0.4.0"
      }
    },
    {
      "identity" : "swift-numerics",
      "kind" : "remoteSourceControl",
      "location" : "https://github.com/apple/swift-numerics",
      "state" : {
        "revision" : "0a5bc04095a675662cf24757cc0640aa2204253b",
        "version" : "1.0.2"
      }
    },
    {
      "identity" : "swift-profile",
      "kind" : "remoteSourceControl",
      "location" : "git@github.com:radixdlt/swift-profile.git",
      "state" : {
        "revision" : "74ff518cd6d6c4687fdcf615422292047e1aa368",
        "version" : "0.1.2"
      }
    },
    {
      "identity" : "swift-tagged",
      "kind" : "remoteSourceControl",
      "location" : "https://github.com/pointfreeco/swift-tagged",
      "state" : {
        "revision" : "33f44ceb793b12d6af5019cbe26f8b0e66e6389f",
        "version" : "0.8.0"
      }
    },
    {
      "identity" : "swiftgenplugin",
      "kind" : "remoteSourceControl",
      "location" : "https://github.com/SwiftGen/SwiftGenPlugin",
      "state" : {
        "revision" : "879b85a470cacd70c19e22eb7e11a3aed66f4068",
        "version" : "6.6.2"
      }
    },
    {
      "identity" : "swiftui-introspect",
      "kind" : "remoteSourceControl",
      "location" : "https://github.com/siteline/SwiftUI-Introspect",
      "state" : {
        "revision" : "f2616860a41f9d9932da412a8978fec79c06fe24",
        "version" : "0.1.4"
      }
    },
    {
      "identity" : "swiftui-navigation",
      "kind" : "remoteSourceControl",
      "location" : "https://github.com/pointfreeco/swiftui-navigation",
      "state" : {
        "revision" : "a4a84e387c83a735e56d03bf9736d49a07b3c3ae",
        "version" : "0.4.3"
      }
    },
    {
      "identity" : "swiftui-pull-to-refresh",
      "kind" : "remoteSourceControl",
      "location" : "https://github.com/globulus/swiftui-pull-to-refresh",
      "state" : {
        "revision" : "1852a4eb7e7a12a768c64b25b1bd905993ced4eb",
        "version" : "1.1.9"
      }
    },
    {
      "identity" : "version",
      "kind" : "remoteSourceControl",
      "location" : "https://github.com/mxcl/Version",
      "state" : {
        "revision" : "1fe824b80d89201652e7eca7c9252269a1d85e25",
        "version" : "2.0.1"
      }
    },
    {
      "identity" : "webrtc",
      "kind" : "remoteSourceControl",
      "location" : "https://github.com/stasel/WebRTC.git",
      "state" : {
        "revision" : "6dd54fc242d3261317b5e6eb17bf178b1359609b",
        "version" : "106.0.0"
      }
    },
    {
      "identity" : "xctest-dynamic-overlay",
      "kind" : "remoteSourceControl",
      "location" : "https://github.com/pointfreeco/xctest-dynamic-overlay",
      "state" : {
        "revision" : "5a5457a744239896e9b0b03a8e1a5069c3e7b91f",
        "version" : "0.6.0"
      }
    }
  ],
  "version" : 2
}
