<?xml version="1.0" encoding="UTF-8"?>
<Scheme
   LastUpgradeVersion = "1410"
   version = "1.3">
   <BuildAction
      parallelizeBuildables = "YES"
      buildImplicitDependencies = "YES">
      <BuildActionEntries>
         <BuildActionEntry
            buildForTesting = "NO"
            buildForRunning = "YES"
            buildForProfiling = "YES"
            buildForArchiving = "YES"
            buildForAnalyzing = "YES">
            <BuildableReference
               BuildableIdentifier = "primary"
               BlueprintIdentifier = "E6805BC3286DB3ED00861180"
               BuildableName = "BabylonWallet.app"
               BlueprintName = "BabylonWallet (iOS)"
               ReferencedContainer = "container:BabylonWallet.xcodeproj">
            </BuildableReference>
         </BuildActionEntry>
      </BuildActionEntries>
   </BuildAction>
   <TestAction
      buildConfiguration = "Debug"
      selectedDebuggerIdentifier = "Xcode.DebuggerFoundation.Debugger.LLDB"
      selectedLauncherIdentifier = "Xcode.DebuggerFoundation.Launcher.LLDB"
      shouldUseLaunchSchemeArgsEnv = "YES">
      <Testables>
         <TestableReference
            skipped = "NO">
            <BuildableReference
               BuildableIdentifier = "primary"
               BlueprintIdentifier = "AccountDetailsFeatureTests"
               BuildableName = "AccountDetailsFeatureTests"
               BlueprintName = "AccountDetailsFeatureTests"
               ReferencedContainer = "container:..">
            </BuildableReference>
         </TestableReference>
         <TestableReference
            skipped = "NO">
            <BuildableReference
               BuildableIdentifier = "primary"
               BlueprintIdentifier = "AccountListFeatureTests"
               BuildableName = "AccountListFeatureTests"
               BlueprintName = "AccountListFeatureTests"
               ReferencedContainer = "container:..">
            </BuildableReference>
         </TestableReference>
         <TestableReference
            skipped = "NO">
            <BuildableReference
               BuildableIdentifier = "primary"
               BlueprintIdentifier = "AccountPortfolioTests"
               BuildableName = "AccountPortfolioTests"
               BlueprintName = "AccountPortfolioTests"
               ReferencedContainer = "container:..">
            </BuildableReference>
         </TestableReference>
         <TestableReference
            skipped = "NO">
            <BuildableReference
               BuildableIdentifier = "primary"
               BlueprintIdentifier = "AccountPreferencesFeatureTests"
               BuildableName = "AccountPreferencesFeatureTests"
               BlueprintName = "AccountPreferencesFeatureTests"
               ReferencedContainer = "container:..">
            </BuildableReference>
         </TestableReference>
         <TestableReference
            skipped = "NO">
            <BuildableReference
               BuildableIdentifier = "primary"
               BlueprintIdentifier = "AggregatedValueFeatureTests"
               BuildableName = "AggregatedValueFeatureTests"
               BlueprintName = "AggregatedValueFeatureTests"
               ReferencedContainer = "container:..">
            </BuildableReference>
         </TestableReference>
         <TestableReference
            skipped = "NO">
            <BuildableReference
               BuildableIdentifier = "primary"
               BlueprintIdentifier = "AppFeatureTests"
               BuildableName = "AppFeatureTests"
               BlueprintName = "AppFeatureTests"
               ReferencedContainer = "container:..">
            </BuildableReference>
         </TestableReference>
         <TestableReference
            skipped = "NO">
            <BuildableReference
               BuildableIdentifier = "primary"
               BlueprintIdentifier = "AppSettingsTests"
               BuildableName = "AppSettingsTests"
               BlueprintName = "AppSettingsTests"
               ReferencedContainer = "container:..">
            </BuildableReference>
         </TestableReference>
         <TestableReference
            skipped = "NO">
            <BuildableReference
               BuildableIdentifier = "primary"
               BlueprintIdentifier = "AssetTests"
               BuildableName = "AssetTests"
               BlueprintName = "AssetTests"
               ReferencedContainer = "container:..">
            </BuildableReference>
         </TestableReference>
         <TestableReference
            skipped = "NO">
            <BuildableReference
               BuildableIdentifier = "primary"
               BlueprintIdentifier = "AssetsViewFeatureTests"
               BuildableName = "AssetsViewFeatureTests"
               BlueprintName = "AssetsViewFeatureTests"
               ReferencedContainer = "container:..">
            </BuildableReference>
         </TestableReference>
         <TestableReference
            skipped = "NO">
            <BuildableReference
               BuildableIdentifier = "primary"
               BlueprintIdentifier = "CommonTests"
               BuildableName = "CommonTests"
               BlueprintName = "CommonTests"
               ReferencedContainer = "container:..">
            </BuildableReference>
         </TestableReference>
         <TestableReference
            skipped = "NO">
            <BuildableReference
               BuildableIdentifier = "primary"
               BlueprintIdentifier = "CreateAccountFeatureTests"
               BuildableName = "CreateAccountFeatureTests"
               BlueprintName = "CreateAccountFeatureTests"
               ReferencedContainer = "container:..">
            </BuildableReference>
         </TestableReference>
         <TestableReference
            skipped = "NO">
            <BuildableReference
               BuildableIdentifier = "primary"
               BlueprintIdentifier = "EngineToolkitClientTests"
               BuildableName = "EngineToolkitClientTests"
               BlueprintName = "EngineToolkitClientTests"
               ReferencedContainer = "container:..">
            </BuildableReference>
         </TestableReference>
         <TestableReference
            skipped = "NO">
            <BuildableReference
               BuildableIdentifier = "primary"
               BlueprintIdentifier = "FungibleTokenListFeatureTests"
               BuildableName = "FungibleTokenListFeatureTests"
               BlueprintName = "FungibleTokenListFeatureTests"
               ReferencedContainer = "container:..">
            </BuildableReference>
         </TestableReference>
         <TestableReference
            skipped = "NO">
            <BuildableReference
               BuildableIdentifier = "primary"
               BlueprintIdentifier = "GatewayAPITests"
               BuildableName = "GatewayAPITests"
               BlueprintName = "GatewayAPITests"
               ReferencedContainer = "container:..">
            </BuildableReference>
         </TestableReference>
         <TestableReference
            skipped = "NO">
            <BuildableReference
               BuildableIdentifier = "primary"
               BlueprintIdentifier = "HomeFeatureTests"
               BuildableName = "HomeFeatureTests"
               BlueprintName = "HomeFeatureTests"
               ReferencedContainer = "container:..">
            </BuildableReference>
         </TestableReference>
         <TestableReference
            skipped = "NO">
            <BuildableReference
               BuildableIdentifier = "primary"
               BlueprintIdentifier = "ImportProfileFeatureTests"
               BuildableName = "ImportProfileFeatureTests"
               BlueprintName = "ImportProfileFeatureTests"
               ReferencedContainer = "container:..">
            </BuildableReference>
         </TestableReference>
         <TestableReference
            skipped = "NO">
            <BuildableReference
               BuildableIdentifier = "primary"
               BlueprintIdentifier = "IncomingConnectionRequestFromDappReviewFeatureTests"
               BuildableName = "IncomingConnectionRequestFromDappReviewFeatureTests"
               BlueprintName = "IncomingConnectionRequestFromDappReviewFeatureTests"
               ReferencedContainer = "container:..">
            </BuildableReference>
         </TestableReference>
         <TestableReference
            skipped = "NO">
            <BuildableReference
               BuildableIdentifier = "primary"
               BlueprintIdentifier = "LocalAuthenticationClientTests"
               BuildableName = "LocalAuthenticationClientTests"
               BlueprintName = "LocalAuthenticationClientTests"
               ReferencedContainer = "container:..">
            </BuildableReference>
         </TestableReference>
         <TestableReference
            skipped = "NO">
            <BuildableReference
               BuildableIdentifier = "primary"
               BlueprintIdentifier = "MainFeatureTests"
               BuildableName = "MainFeatureTests"
               BlueprintName = "MainFeatureTests"
               ReferencedContainer = "container:..">
            </BuildableReference>
         </TestableReference>
         <TestableReference
            skipped = "NO">
            <BuildableReference
               BuildableIdentifier = "primary"
               BlueprintIdentifier = "NonFungibleTokenListFeatureTests"
               BuildableName = "NonFungibleTokenListFeatureTests"
               BlueprintName = "NonFungibleTokenListFeatureTests"
               ReferencedContainer = "container:..">
            </BuildableReference>
         </TestableReference>
         <TestableReference
            skipped = "NO">
            <BuildableReference
               BuildableIdentifier = "primary"
               BlueprintIdentifier = "OnboardingFeatureTests"
               BuildableName = "OnboardingFeatureTests"
               BlueprintName = "OnboardingFeatureTests"
               ReferencedContainer = "container:..">
            </BuildableReference>
         </TestableReference>
         <TestableReference
            skipped = "NO">
            <BuildableReference
               BuildableIdentifier = "primary"
               BlueprintIdentifier = "PasteboardClientTests"
               BuildableName = "PasteboardClientTests"
               BlueprintName = "PasteboardClientTests"
               ReferencedContainer = "container:..">
            </BuildableReference>
         </TestableReference>
         <TestableReference
            skipped = "NO">
            <BuildableReference
               BuildableIdentifier = "primary"
               BlueprintIdentifier = "ProfileClientTests"
               BuildableName = "ProfileClientTests"
               BlueprintName = "ProfileClientTests"
               ReferencedContainer = "container:..">
            </BuildableReference>
         </TestableReference>
         <TestableReference
            skipped = "NO">
            <BuildableReference
               BuildableIdentifier = "primary"
               BlueprintIdentifier = "ProfileLoaderTests"
               BuildableName = "ProfileLoaderTests"
               BlueprintName = "ProfileLoaderTests"
               ReferencedContainer = "container:..">
            </BuildableReference>
         </TestableReference>
         <TestableReference
            skipped = "NO">
            <BuildableReference
               BuildableIdentifier = "primary"
               BlueprintIdentifier = "SettingsFeatureTests"
               BuildableName = "SettingsFeatureTests"
               BlueprintName = "SettingsFeatureTests"
               ReferencedContainer = "container:..">
            </BuildableReference>
         </TestableReference>
         <TestableReference
            skipped = "NO">
            <BuildableReference
               BuildableIdentifier = "primary"
               BlueprintIdentifier = "SplashFeatureTests"
               BuildableName = "SplashFeatureTests"
               BlueprintName = "SplashFeatureTests"
               ReferencedContainer = "container:..">
            </BuildableReference>
         </TestableReference>
         <TestableReference
            skipped = "NO">
            <BuildableReference
               BuildableIdentifier = "primary"
               BlueprintIdentifier = "TransactionSigningFeatureTests"
               BuildableName = "TransactionSigningFeatureTests"
               BlueprintName = "TransactionSigningFeatureTests"
               ReferencedContainer = "container:..">
            </BuildableReference>
         </TestableReference>
         <TestableReference
            skipped = "NO">
            <BuildableReference
               BuildableIdentifier = "primary"
               BlueprintIdentifier = "UserDefaultsClientTests"
               BuildableName = "UserDefaultsClientTests"
               BlueprintName = "UserDefaultsClientTests"
               ReferencedContainer = "container:..">
            </BuildableReference>
         </TestableReference>
         <TestableReference
            skipped = "NO">
            <BuildableReference
               BuildableIdentifier = "primary"
               BlueprintIdentifier = "ManageGatewayAPIEndpointsFeatureTests"
               BuildableName = "ManageGatewayAPIEndpointsFeatureTests"
               BlueprintName = "ManageGatewayAPIEndpointsFeatureTests"
               ReferencedContainer = "container:..">
            </BuildableReference>
         </TestableReference>
         <TestableReference
            skipped = "NO">
            <BuildableReference
               BuildableIdentifier = "primary"
               BlueprintIdentifier = "ManageP2PClientsFeatureTests"
               BuildableName = "ManageP2PClientsFeatureTests"
               BlueprintName = "ManageP2PClientsFeatureTests"
               ReferencedContainer = "container:..">
            </BuildableReference>
         </TestableReference>
         <TestableReference
            skipped = "NO">
            <BuildableReference
               BuildableIdentifier = "primary"
               BlueprintIdentifier = "P2PConnectivityClientTests"
               BuildableName = "P2PConnectivityClientTests"
               BlueprintName = "P2PConnectivityClientTests"
               ReferencedContainer = "container:..">
            </BuildableReference>
         </TestableReference>
         <TestableReference
            skipped = "NO">
            <BuildableReference
               BuildableIdentifier = "primary"
               BlueprintIdentifier = "SharedModelsTests"
               BuildableName = "SharedModelsTests"
               BlueprintName = "SharedModelsTests"
               ReferencedContainer = "container:..">
            </BuildableReference>
         </TestableReference>
         <TestableReference
            skipped = "NO">
            <BuildableReference
               BuildableIdentifier = "primary"
               BlueprintIdentifier = "TransactionClientTests"
               BuildableName = "TransactionClientTests"
               BlueprintName = "TransactionClientTests"
               ReferencedContainer = "container:..">
            </BuildableReference>
         </TestableReference>
         <TestableReference
            skipped = "NO">
            <BuildableReference
               BuildableIdentifier = "primary"
               BlueprintIdentifier = "URLBuilderClientTests"
               BuildableName = "URLBuilderClientTests"
               BlueprintName = "URLBuilderClientTests"
               ReferencedContainer = "container:..">
            </BuildableReference>
         </TestableReference>
      </Testables>
   </TestAction>
   <LaunchAction
      buildConfiguration = "Debug"
      selectedDebuggerIdentifier = "Xcode.DebuggerFoundation.Debugger.LLDB"
      selectedLauncherIdentifier = "Xcode.DebuggerFoundation.Launcher.LLDB"
      launchStyle = "0"
      useCustomWorkingDirectory = "NO"
      ignoresPersistentStateOnLaunch = "NO"
      debugDocumentVersioning = "YES"
      debugServiceExtension = "internal"
      allowLocationSimulation = "YES">
      <BuildableProductRunnable
         runnableDebuggingMode = "0">
         <BuildableReference
            BuildableIdentifier = "primary"
            BlueprintIdentifier = "E6805BC3286DB3ED00861180"
            BuildableName = "BabylonWallet.app"
            BlueprintName = "BabylonWallet (iOS)"
            ReferencedContainer = "container:BabylonWallet.xcodeproj">
         </BuildableReference>
      </BuildableProductRunnable>
   </LaunchAction>
   <ProfileAction
      buildConfiguration = "Release"
      shouldUseLaunchSchemeArgsEnv = "YES"
      savedToolIdentifier = ""
      useCustomWorkingDirectory = "NO"
      debugDocumentVersioning = "YES">
      <BuildableProductRunnable
         runnableDebuggingMode = "0">
         <BuildableReference
            BuildableIdentifier = "primary"
            BlueprintIdentifier = "E6805BC3286DB3ED00861180"
            BuildableName = "BabylonWallet.app"
            BlueprintName = "BabylonWallet (iOS)"
            ReferencedContainer = "container:BabylonWallet.xcodeproj">
         </BuildableReference>
      </BuildableProductRunnable>
   </ProfileAction>
   <AnalyzeAction
      buildConfiguration = "Debug">
   </AnalyzeAction>
   <ArchiveAction
      buildConfiguration = "Release"
      revealArchiveInOrganizer = "YES">
   </ArchiveAction>
</Scheme>
